// !$*UTF8*$!
{
	archiveVersion = 1;
	classes = {
	};
	objectVersion = 50;
	objects = {

/* Begin PBXBuildFile section */
		11E2AE4B2545F2140026F042 /* CurrenyExchangeApp.swift in Sources */ = {isa = PBXBuildFile; fileRef = 11E2AE4A2545F2140026F042 /* CurrenyExchangeApp.swift */; };
		11E2AE4D2545F2140026F042 /* ContentView.swift in Sources */ = {isa = PBXBuildFile; fileRef = 11E2AE4C2545F2140026F042 /* ContentView.swift */; };
		11E2AE4F2545F2160026F042 /* Assets.xcassets in Resources */ = {isa = PBXBuildFile; fileRef = 11E2AE4E2545F2160026F042 /* Assets.xcassets */; };
		11E2AE522545F2160026F042 /* Preview Assets.xcassets in Resources */ = {isa = PBXBuildFile; fileRef = 11E2AE512545F2160026F042 /* Preview Assets.xcassets */; };
		11E2AE5D2545F2160026F042 /* CurrenyExchangeTests.swift in Sources */ = {isa = PBXBuildFile; fileRef = 11E2AE5C2545F2160026F042 /* CurrenyExchangeTests.swift */; };
		11E2AE682545F2160026F042 /* CurrenyExchangeUITests.swift in Sources */ = {isa = PBXBuildFile; fileRef = 11E2AE672545F2160026F042 /* CurrenyExchangeUITests.swift */; };
		11E2AE7C25463FCA0026F042 /* Home.swift in Sources */ = {isa = PBXBuildFile; fileRef = 11E2AE7B25463FCA0026F042 /* Home.swift */; };
/* End PBXBuildFile section */

/* Begin PBXContainerItemProxy section */
		11E2AE592545F2160026F042 /* PBXContainerItemProxy */ = {
			isa = PBXContainerItemProxy;
			containerPortal = 11E2AE3F2545F2140026F042 /* Project object */;
			proxyType = 1;
			remoteGlobalIDString = 11E2AE462545F2140026F042;
			remoteInfo = CurrenyExchange;
		};
		11E2AE642545F2160026F042 /* PBXContainerItemProxy */ = {
			isa = PBXContainerItemProxy;
			containerPortal = 11E2AE3F2545F2140026F042 /* Project object */;
			proxyType = 1;
			remoteGlobalIDString = 11E2AE462545F2140026F042;
			remoteInfo = CurrenyExchange;
		};
/* End PBXContainerItemProxy section */

/* Begin PBXFileReference section */
		11E2AE472545F2140026F042 /* CurrenyExchange.app */ = {isa = PBXFileReference; explicitFileType = wrapper.application; includeInIndex = 0; path = CurrenyExchange.app; sourceTree = BUILT_PRODUCTS_DIR; };
		11E2AE4A2545F2140026F042 /* CurrenyExchangeApp.swift */ = {isa = PBXFileReference; lastKnownFileType = sourcecode.swift; path = CurrenyExchangeApp.swift; sourceTree = "<group>"; };
		11E2AE4C2545F2140026F042 /* ContentView.swift */ = {isa = PBXFileReference; lastKnownFileType = sourcecode.swift; path = ContentView.swift; sourceTree = "<group>"; };
		11E2AE4E2545F2160026F042 /* Assets.xcassets */ = {isa = PBXFileReference; lastKnownFileType = folder.assetcatalog; path = Assets.xcassets; sourceTree = "<group>"; };
		11E2AE512545F2160026F042 /* Preview Assets.xcassets */ = {isa = PBXFileReference; lastKnownFileType = folder.assetcatalog; path = "Preview Assets.xcassets"; sourceTree = "<group>"; };
		11E2AE532545F2160026F042 /* Info.plist */ = {isa = PBXFileReference; lastKnownFileType = text.plist.xml; path = Info.plist; sourceTree = "<group>"; };
		11E2AE582545F2160026F042 /* CurrenyExchangeTests.xctest */ = {isa = PBXFileReference; explicitFileType = wrapper.cfbundle; includeInIndex = 0; path = CurrenyExchangeTests.xctest; sourceTree = BUILT_PRODUCTS_DIR; };
		11E2AE5C2545F2160026F042 /* CurrenyExchangeTests.swift */ = {isa = PBXFileReference; lastKnownFileType = sourcecode.swift; path = CurrenyExchangeTests.swift; sourceTree = "<group>"; };
		11E2AE5E2545F2160026F042 /* Info.plist */ = {isa = PBXFileReference; lastKnownFileType = text.plist.xml; path = Info.plist; sourceTree = "<group>"; };
		11E2AE632545F2160026F042 /* CurrenyExchangeUITests.xctest */ = {isa = PBXFileReference; explicitFileType = wrapper.cfbundle; includeInIndex = 0; path = CurrenyExchangeUITests.xctest; sourceTree = BUILT_PRODUCTS_DIR; };
		11E2AE672545F2160026F042 /* CurrenyExchangeUITests.swift */ = {isa = PBXFileReference; lastKnownFileType = sourcecode.swift; path = CurrenyExchangeUITests.swift; sourceTree = "<group>"; };
		11E2AE692545F2160026F042 /* Info.plist */ = {isa = PBXFileReference; lastKnownFileType = text.plist.xml; path = Info.plist; sourceTree = "<group>"; };
		11E2AE7B25463FCA0026F042 /* Home.swift */ = {isa = PBXFileReference; lastKnownFileType = sourcecode.swift; path = Home.swift; sourceTree = "<group>"; };
/* End PBXFileReference section */

/* Begin PBXFrameworksBuildPhase section */
		11E2AE442545F2140026F042 /* Frameworks */ = {
			isa = PBXFrameworksBuildPhase;
			buildActionMask = 2147483647;
			files = (
			);
			runOnlyForDeploymentPostprocessing = 0;
		};
		11E2AE552545F2160026F042 /* Frameworks */ = {
			isa = PBXFrameworksBuildPhase;
			buildActionMask = 2147483647;
			files = (
			);
			runOnlyForDeploymentPostprocessing = 0;
		};
		11E2AE602545F2160026F042 /* Frameworks */ = {
			isa = PBXFrameworksBuildPhase;
			buildActionMask = 2147483647;
			files = (
			);
			runOnlyForDeploymentPostprocessing = 0;
		};
/* End PBXFrameworksBuildPhase section */

/* Begin PBXGroup section */
		11E2AE3E2545F2140026F042 = {
			isa = PBXGroup;
			children = (
				11E2AE492545F2140026F042 /* CurrenyExchange */,
				11E2AE5B2545F2160026F042 /* CurrenyExchangeTests */,
				11E2AE662545F2160026F042 /* CurrenyExchangeUITests */,
				11E2AE482545F2140026F042 /* Products */,
			);
			sourceTree = "<group>";
		};
		11E2AE482545F2140026F042 /* Products */ = {
			isa = PBXGroup;
			children = (
				11E2AE472545F2140026F042 /* CurrenyExchange.app */,
				11E2AE582545F2160026F042 /* CurrenyExchangeTests.xctest */,
				11E2AE632545F2160026F042 /* CurrenyExchangeUITests.xctest */,
			);
			name = Products;
			sourceTree = "<group>";
		};
		11E2AE492545F2140026F042 /* CurrenyExchange */ = {
			isa = PBXGroup;
			children = (
				11E2AE7A25463FBC0026F042 /* View */,
				11E2AE7925463FB40026F042 /* ViewModel */,
				11E2AE7825463FAD0026F042 /* Model */,
				11E2AE4A2545F2140026F042 /* CurrenyExchangeApp.swift */,
				11E2AE4C2545F2140026F042 /* ContentView.swift */,
				11E2AE4E2545F2160026F042 /* Assets.xcassets */,
				11E2AE532545F2160026F042 /* Info.plist */,
				11E2AE502545F2160026F042 /* Preview Content */,
			);
			path = CurrenyExchange;
			sourceTree = "<group>";
		};
		11E2AE502545F2160026F042 /* Preview Content */ = {
			isa = PBXGroup;
			children = (
				11E2AE512545F2160026F042 /* Preview Assets.xcassets */,
			);
			path = "Preview Content";
			sourceTree = "<group>";
		};
		11E2AE5B2545F2160026F042 /* CurrenyExchangeTests */ = {
			isa = PBXGroup;
			children = (
				11E2AE5C2545F2160026F042 /* CurrenyExchangeTests.swift */,
				11E2AE5E2545F2160026F042 /* Info.plist */,
			);
			path = CurrenyExchangeTests;
			sourceTree = "<group>";
		};
		11E2AE662545F2160026F042 /* CurrenyExchangeUITests */ = {
			isa = PBXGroup;
			children = (
				11E2AE672545F2160026F042 /* CurrenyExchangeUITests.swift */,
				11E2AE692545F2160026F042 /* Info.plist */,
			);
			path = CurrenyExchangeUITests;
			sourceTree = "<group>";
		};
		11E2AE7825463FAD0026F042 /* Model */ = {
			isa = PBXGroup;
			children = (
			);
			path = Model;
			sourceTree = "<group>";
		};
		11E2AE7925463FB40026F042 /* ViewModel */ = {
			isa = PBXGroup;
			children = (
			);
			path = ViewModel;
			sourceTree = "<group>";
		};
		11E2AE7A25463FBC0026F042 /* View */ = {
			isa = PBXGroup;
			children = (
				11E2AE7B25463FCA0026F042 /* Home.swift */,
			);
			path = View;
			sourceTree = "<group>";
		};
/* End PBXGroup section */

/* Begin PBXNativeTarget section */
		11E2AE462545F2140026F042 /* CurrenyExchange */ = {
			isa = PBXNativeTarget;
			buildConfigurationList = 11E2AE6C2545F2160026F042 /* Build configuration list for PBXNativeTarget "CurrenyExchange" */;
			buildPhases = (
				11E2AE432545F2140026F042 /* Sources */,
				11E2AE442545F2140026F042 /* Frameworks */,
				11E2AE452545F2140026F042 /* Resources */,
			);
			buildRules = (
			);
			dependencies = (
			);
			name = CurrenyExchange;
			productName = CurrenyExchange;
			productReference = 11E2AE472545F2140026F042 /* CurrenyExchange.app */;
			productType = "com.apple.product-type.application";
		};
		11E2AE572545F2160026F042 /* CurrenyExchangeTests */ = {
			isa = PBXNativeTarget;
			buildConfigurationList = 11E2AE6F2545F2160026F042 /* Build configuration list for PBXNativeTarget "CurrenyExchangeTests" */;
			buildPhases = (
				11E2AE542545F2160026F042 /* Sources */,
				11E2AE552545F2160026F042 /* Frameworks */,
				11E2AE562545F2160026F042 /* Resources */,
			);
			buildRules = (
			);
			dependencies = (
				11E2AE5A2545F2160026F042 /* PBXTargetDependency */,
			);
			name = CurrenyExchangeTests;
			productName = CurrenyExchangeTests;
			productReference = 11E2AE582545F2160026F042 /* CurrenyExchangeTests.xctest */;
			productType = "com.apple.product-type.bundle.unit-test";
		};
		11E2AE622545F2160026F042 /* CurrenyExchangeUITests */ = {
			isa = PBXNativeTarget;
			buildConfigurationList = 11E2AE722545F2160026F042 /* Build configuration list for PBXNativeTarget "CurrenyExchangeUITests" */;
			buildPhases = (
				11E2AE5F2545F2160026F042 /* Sources */,
				11E2AE602545F2160026F042 /* Frameworks */,
				11E2AE612545F2160026F042 /* Resources */,
			);
			buildRules = (
			);
			dependencies = (
				11E2AE652545F2160026F042 /* PBXTargetDependency */,
			);
			name = CurrenyExchangeUITests;
			productName = CurrenyExchangeUITests;
			productReference = 11E2AE632545F2160026F042 /* CurrenyExchangeUITests.xctest */;
			productType = "com.apple.product-type.bundle.ui-testing";
		};
/* End PBXNativeTarget section */

/* Begin PBXProject section */
		11E2AE3F2545F2140026F042 /* Project object */ = {
			isa = PBXProject;
			attributes = {
				LastSwiftUpdateCheck = 1210;
				LastUpgradeCheck = 1210;
				TargetAttributes = {
					11E2AE462545F2140026F042 = {
						CreatedOnToolsVersion = 12.1;
					};
					11E2AE572545F2160026F042 = {
						CreatedOnToolsVersion = 12.1;
						TestTargetID = 11E2AE462545F2140026F042;
					};
					11E2AE622545F2160026F042 = {
						CreatedOnToolsVersion = 12.1;
						TestTargetID = 11E2AE462545F2140026F042;
					};
				};
			};
			buildConfigurationList = 11E2AE422545F2140026F042 /* Build configuration list for PBXProject "CurrenyExchange" */;
			compatibilityVersion = "Xcode 9.3";
			developmentRegion = en;
			hasScannedForEncodings = 0;
			knownRegions = (
				en,
				Base,
			);
			mainGroup = 11E2AE3E2545F2140026F042;
			productRefGroup = 11E2AE482545F2140026F042 /* Products */;
			projectDirPath = "";
			projectRoot = "";
			targets = (
				11E2AE462545F2140026F042 /* CurrenyExchange */,
				11E2AE572545F2160026F042 /* CurrenyExchangeTests */,
				11E2AE622545F2160026F042 /* CurrenyExchangeUITests */,
			);
		};
/* End PBXProject section */

/* Begin PBXResourcesBuildPhase section */
		11E2AE452545F2140026F042 /* Resources */ = {
			isa = PBXResourcesBuildPhase;
			buildActionMask = 2147483647;
			files = (
				11E2AE522545F2160026F042 /* Preview Assets.xcassets in Resources */,
				11E2AE4F2545F2160026F042 /* Assets.xcassets in Resources */,
			);
			runOnlyForDeploymentPostprocessing = 0;
		};
		11E2AE562545F2160026F042 /* Resources */ = {
			isa = PBXResourcesBuildPhase;
			buildActionMask = 2147483647;
			files = (
			);
			runOnlyForDeploymentPostprocessing = 0;
		};
		11E2AE612545F2160026F042 /* Resources */ = {
			isa = PBXResourcesBuildPhase;
			buildActionMask = 2147483647;
			files = (
			);
			runOnlyForDeploymentPostprocessing = 0;
		};
/* End PBXResourcesBuildPhase section */

/* Begin PBXSourcesBuildPhase section */
		11E2AE432545F2140026F042 /* Sources */ = {
			isa = PBXSourcesBuildPhase;
			buildActionMask = 2147483647;
			files = (
				11E2AE4D2545F2140026F042 /* ContentView.swift in Sources */,
				11E2AE7C25463FCA0026F042 /* Home.swift in Sources */,
				11E2AE4B2545F2140026F042 /* CurrenyExchangeApp.swift in Sources */,
			);
			runOnlyForDeploymentPostprocessing = 0;
		};
		11E2AE542545F2160026F042 /* Sources */ = {
			isa = PBXSourcesBuildPhase;
			buildActionMask = 2147483647;
			files = (
				11E2AE5D2545F2160026F042 /* CurrenyExchangeTests.swift in Sources */,
			);
			runOnlyForDeploymentPostprocessing = 0;
		};
		11E2AE5F2545F2160026F042 /* Sources */ = {
			isa = PBXSourcesBuildPhase;
			buildActionMask = 2147483647;
			files = (
				11E2AE682545F2160026F042 /* CurrenyExchangeUITests.swift in Sources */,
			);
			runOnlyForDeploymentPostprocessing = 0;
		};
/* End PBXSourcesBuildPhase section */

/* Begin PBXTargetDependency section */
		11E2AE5A2545F2160026F042 /* PBXTargetDependency */ = {
			isa = PBXTargetDependency;
			target = 11E2AE462545F2140026F042 /* CurrenyExchange */;
			targetProxy = 11E2AE592545F2160026F042 /* PBXContainerItemProxy */;
		};
		11E2AE652545F2160026F042 /* PBXTargetDependency */ = {
			isa = PBXTargetDependency;
			target = 11E2AE462545F2140026F042 /* CurrenyExchange */;
			targetProxy = 11E2AE642545F2160026F042 /* PBXContainerItemProxy */;
		};
/* End PBXTargetDependency section */

/* Begin XCBuildConfiguration section */
		11E2AE6A2545F2160026F042 /* Debug */ = {
			isa = XCBuildConfiguration;
			buildSettings = {
				ALWAYS_SEARCH_USER_PATHS = NO;
				CLANG_ANALYZER_NONNULL = YES;
				CLANG_ANALYZER_NUMBER_OBJECT_CONVERSION = YES_AGGRESSIVE;
				CLANG_CXX_LANGUAGE_STANDARD = "gnu++14";
				CLANG_CXX_LIBRARY = "libc++";
				CLANG_ENABLE_MODULES = YES;
				CLANG_ENABLE_OBJC_ARC = YES;
				CLANG_ENABLE_OBJC_WEAK = YES;
				CLANG_WARN_BLOCK_CAPTURE_AUTORELEASING = YES;
				CLANG_WARN_BOOL_CONVERSION = YES;
				CLANG_WARN_COMMA = YES;
				CLANG_WARN_CONSTANT_CONVERSION = YES;
				CLANG_WARN_DEPRECATED_OBJC_IMPLEMENTATIONS = YES;
				CLANG_WARN_DIRECT_OBJC_ISA_USAGE = YES_ERROR;
				CLANG_WARN_DOCUMENTATION_COMMENTS = YES;
				CLANG_WARN_EMPTY_BODY = YES;
				CLANG_WARN_ENUM_CONVERSION = YES;
				CLANG_WARN_INFINITE_RECURSION = YES;
				CLANG_WARN_INT_CONVERSION = YES;
				CLANG_WARN_NON_LITERAL_NULL_CONVERSION = YES;
				CLANG_WARN_OBJC_IMPLICIT_RETAIN_SELF = YES;
				CLANG_WARN_OBJC_LITERAL_CONVERSION = YES;
				CLANG_WARN_OBJC_ROOT_CLASS = YES_ERROR;
				CLANG_WARN_QUOTED_INCLUDE_IN_FRAMEWORK_HEADER = YES;
				CLANG_WARN_RANGE_LOOP_ANALYSIS = YES;
				CLANG_WARN_STRICT_PROTOTYPES = YES;
				CLANG_WARN_SUSPICIOUS_MOVE = YES;
				CLANG_WARN_UNGUARDED_AVAILABILITY = YES_AGGRESSIVE;
				CLANG_WARN_UNREACHABLE_CODE = YES;
				CLANG_WARN__DUPLICATE_METHOD_MATCH = YES;
				COPY_PHASE_STRIP = NO;
				DEBUG_INFORMATION_FORMAT = dwarf;
				ENABLE_STRICT_OBJC_MSGSEND = YES;
				ENABLE_TESTABILITY = YES;
				GCC_C_LANGUAGE_STANDARD = gnu11;
				GCC_DYNAMIC_NO_PIC = NO;
				GCC_NO_COMMON_BLOCKS = YES;
				GCC_OPTIMIZATION_LEVEL = 0;
				GCC_PREPROCESSOR_DEFINITIONS = (
					"DEBUG=1",
					"$(inherited)",
				);
				GCC_WARN_64_TO_32_BIT_CONVERSION = YES;
				GCC_WARN_ABOUT_RETURN_TYPE = YES_ERROR;
				GCC_WARN_UNDECLARED_SELECTOR = YES;
				GCC_WARN_UNINITIALIZED_AUTOS = YES_AGGRESSIVE;
				GCC_WARN_UNUSED_FUNCTION = YES;
				GCC_WARN_UNUSED_VARIABLE = YES;
				IPHONEOS_DEPLOYMENT_TARGET = 14.1;
				MTL_ENABLE_DEBUG_INFO = INCLUDE_SOURCE;
				MTL_FAST_MATH = YES;
				ONLY_ACTIVE_ARCH = YES;
				SDKROOT = iphoneos;
				SWIFT_ACTIVE_COMPILATION_CONDITIONS = DEBUG;
				SWIFT_OPTIMIZATION_LEVEL = "-Onone";
			};
			name = Debug;
		};
		11E2AE6B2545F2160026F042 /* Release */ = {
			isa = XCBuildConfiguration;
			buildSettings = {
				ALWAYS_SEARCH_USER_PATHS = NO;
				CLANG_ANALYZER_NONNULL = YES;
				CLANG_ANALYZER_NUMBER_OBJECT_CONVERSION = YES_AGGRESSIVE;
				CLANG_CXX_LANGUAGE_STANDARD = "gnu++14";
				CLANG_CXX_LIBRARY = "libc++";
				CLANG_ENABLE_MODULES = YES;
				CLANG_ENABLE_OBJC_ARC = YES;
				CLANG_ENABLE_OBJC_WEAK = YES;
				CLANG_WARN_BLOCK_CAPTURE_AUTORELEASING = YES;
				CLANG_WARN_BOOL_CONVERSION = YES;
				CLANG_WARN_COMMA = YES;
				CLANG_WARN_CONSTANT_CONVERSION = YES;
				CLANG_WARN_DEPRECATED_OBJC_IMPLEMENTATIONS = YES;
				CLANG_WARN_DIRECT_OBJC_ISA_USAGE = YES_ERROR;
				CLANG_WARN_DOCUMENTATION_COMMENTS = YES;
				CLANG_WARN_EMPTY_BODY = YES;
				CLANG_WARN_ENUM_CONVERSION = YES;
				CLANG_WARN_INFINITE_RECURSION = YES;
				CLANG_WARN_INT_CONVERSION = YES;
				CLANG_WARN_NON_LITERAL_NULL_CONVERSION = YES;
				CLANG_WARN_OBJC_IMPLICIT_RETAIN_SELF = YES;
				CLANG_WARN_OBJC_LITERAL_CONVERSION = YES;
				CLANG_WARN_OBJC_ROOT_CLASS = YES_ERROR;
				CLANG_WARN_QUOTED_INCLUDE_IN_FRAMEWORK_HEADER = YES;
				CLANG_WARN_RANGE_LOOP_ANALYSIS = YES;
				CLANG_WARN_STRICT_PROTOTYPES = YES;
				CLANG_WARN_SUSPICIOUS_MOVE = YES;
				CLANG_WARN_UNGUARDED_AVAILABILITY = YES_AGGRESSIVE;
				CLANG_WARN_UNREACHABLE_CODE = YES;
				CLANG_WARN__DUPLICATE_METHOD_MATCH = YES;
				COPY_PHASE_STRIP = NO;
				DEBUG_INFORMATION_FORMAT = "dwarf-with-dsym";
				ENABLE_NS_ASSERTIONS = NO;
				ENABLE_STRICT_OBJC_MSGSEND = YES;
				GCC_C_LANGUAGE_STANDARD = gnu11;
				GCC_NO_COMMON_BLOCKS = YES;
				GCC_WARN_64_TO_32_BIT_CONVERSION = YES;
				GCC_WARN_ABOUT_RETURN_TYPE = YES_ERROR;
				GCC_WARN_UNDECLARED_SELECTOR = YES;
				GCC_WARN_UNINITIALIZED_AUTOS = YES_AGGRESSIVE;
				GCC_WARN_UNUSED_FUNCTION = YES;
				GCC_WARN_UNUSED_VARIABLE = YES;
				IPHONEOS_DEPLOYMENT_TARGET = 14.1;
				MTL_ENABLE_DEBUG_INFO = NO;
				MTL_FAST_MATH = YES;
				SDKROOT = iphoneos;
				SWIFT_COMPILATION_MODE = wholemodule;
				SWIFT_OPTIMIZATION_LEVEL = "-O";
				VALIDATE_PRODUCT = YES;
			};
			name = Release;
		};
		11E2AE6D2545F2160026F042 /* Debug */ = {
			isa = XCBuildConfiguration;
			buildSettings = {
				ASSETCATALOG_COMPILER_APPICON_NAME = AppIcon;
				ASSETCATALOG_COMPILER_GLOBAL_ACCENT_COLOR_NAME = AccentColor;
				CODE_SIGN_STYLE = Automatic;
				DEVELOPMENT_ASSET_PATHS = "\"CurrenyExchange/Preview Content\"";
				DEVELOPMENT_TEAM = CSE9343A58;
				ENABLE_PREVIEWS = YES;
				INFOPLIST_FILE = CurrenyExchange/Info.plist;
				IPHONEOS_DEPLOYMENT_TARGET = 14.0;
				LD_RUNPATH_SEARCH_PATHS = (
					"$(inherited)",
					"@executable_path/Frameworks",
				);
				PRODUCT_BUNDLE_IDENTIFIER = frontyard.CurrenyExchange;
				PRODUCT_NAME = "$(TARGET_NAME)";
				SWIFT_VERSION = 5.0;
				TARGETED_DEVICE_FAMILY = "1,2";
			};
			name = Debug;
		};
		11E2AE6E2545F2160026F042 /* Release */ = {
			isa = XCBuildConfiguration;
			buildSettings = {
				ASSETCATALOG_COMPILER_APPICON_NAME = AppIcon;
				ASSETCATALOG_COMPILER_GLOBAL_ACCENT_COLOR_NAME = AccentColor;
				CODE_SIGN_STYLE = Automatic;
				DEVELOPMENT_ASSET_PATHS = "\"CurrenyExchange/Preview Content\"";
				DEVELOPMENT_TEAM = CSE9343A58;
				ENABLE_PREVIEWS = YES;
				INFOPLIST_FILE = CurrenyExchange/Info.plist;
				IPHONEOS_DEPLOYMENT_TARGET = 14.0;
				LD_RUNPATH_SEARCH_PATHS = (
					"$(inherited)",
					"@executable_path/Frameworks",
				);
				PRODUCT_BUNDLE_IDENTIFIER = frontyard.CurrenyExchange;
				PRODUCT_NAME = "$(TARGET_NAME)";
				SWIFT_VERSION = 5.0;
				TARGETED_DEVICE_FAMILY = "1,2";
			};
			name = Release;
		};
		11E2AE702545F2160026F042 /* Debug */ = {
			isa = XCBuildConfiguration;
			buildSettings = {
				ALWAYS_EMBED_SWIFT_STANDARD_LIBRARIES = YES;
				BUNDLE_LOADER = "$(TEST_HOST)";
				CODE_SIGN_STYLE = Automatic;
				DEVELOPMENT_TEAM = CSE9343A58;
				INFOPLIST_FILE = CurrenyExchangeTests/Info.plist;
				IPHONEOS_DEPLOYMENT_TARGET = 14.0;
				LD_RUNPATH_SEARCH_PATHS = (
					"$(inherited)",
					"@executable_path/Frameworks",
					"@loader_path/Frameworks",
				);
				PRODUCT_BUNDLE_IDENTIFIER = frontyard.CurrenyExchangeTests;
				PRODUCT_NAME = "$(TARGET_NAME)";
				SWIFT_VERSION = 5.0;
				TARGETED_DEVICE_FAMILY = "1,2";
				TEST_HOST = "$(BUILT_PRODUCTS_DIR)/CurrenyExchange.app/CurrenyExchange";
			};
			name = Debug;
		};
		11E2AE712545F2160026F042 /* Release */ = {
			isa = XCBuildConfiguration;
			buildSettings = {
				ALWAYS_EMBED_SWIFT_STANDARD_LIBRARIES = YES;
				BUNDLE_LOADER = "$(TEST_HOST)";
				CODE_SIGN_STYLE = Automatic;
				DEVELOPMENT_TEAM = CSE9343A58;
				INFOPLIST_FILE = CurrenyExchangeTests/Info.plist;
				IPHONEOS_DEPLOYMENT_TARGET = 14.0;
				LD_RUNPATH_SEARCH_PATHS = (
					"$(inherited)",
					"@executable_path/Frameworks",
					"@loader_path/Frameworks",
				);
				PRODUCT_BUNDLE_IDENTIFIER = frontyard.CurrenyExchangeTests;
				PRODUCT_NAME = "$(TARGET_NAME)";
				SWIFT_VERSION = 5.0;
				TARGETED_DEVICE_FAMILY = "1,2";
				TEST_HOST = "$(BUILT_PRODUCTS_DIR)/CurrenyExchange.app/CurrenyExchange";
			};
			name = Release;
		};
		11E2AE732545F2160026F042 /* Debug */ = {
			isa = XCBuildConfiguration;
			buildSettings = {
				ALWAYS_EMBED_SWIFT_STANDARD_LIBRARIES = YES;
				CODE_SIGN_STYLE = Automatic;
				DEVELOPMENT_TEAM = CSE9343A58;
				INFOPLIST_FILE = CurrenyExchangeUITests/Info.plist;
				LD_RUNPATH_SEARCH_PATHS = (
					"$(inherited)",
					"@executable_path/Frameworks",
					"@loader_path/Frameworks",
				);
				PRODUCT_BUNDLE_IDENTIFIER = frontyard.CurrenyExchangeUITests;
				PRODUCT_NAME = "$(TARGET_NAME)";
				SWIFT_VERSION = 5.0;
				TARGETED_DEVICE_FAMILY = "1,2";
				TEST_TARGET_NAME = CurrenyExchange;
			};
			name = Debug;
		};
		11E2AE742545F2160026F042 /* Release */ = {
			isa = XCBuildConfiguration;
			buildSettings = {
				ALWAYS_EMBED_SWIFT_STANDARD_LIBRARIES = YES;
				CODE_SIGN_STYLE = Automatic;
				DEVELOPMENT_TEAM = CSE9343A58;
				INFOPLIST_FILE = CurrenyExchangeUITests/Info.plist;
				LD_RUNPATH_SEARCH_PATHS = (
					"$(inherited)",
					"@executable_path/Frameworks",
					"@loader_path/Frameworks",
				);
				PRODUCT_BUNDLE_IDENTIFIER = frontyard.CurrenyExchangeUITests;
				PRODUCT_NAME = "$(TARGET_NAME)";
				SWIFT_VERSION = 5.0;
				TARGETED_DEVICE_FAMILY = "1,2";
				TEST_TARGET_NAME = CurrenyExchange;
			};
			name = Release;
		};
/* End XCBuildConfiguration section */

/* Begin XCConfigurationList section */
		11E2AE422545F2140026F042 /* Build configuration list for PBXProject "CurrenyExchange" */ = {
			isa = XCConfigurationList;
			buildConfigurations = (
				11E2AE6A2545F2160026F042 /* Debug */,
				11E2AE6B2545F2160026F042 /* Release */,
			);
			defaultConfigurationIsVisible = 0;
			defaultConfigurationName = Release;
		};
		11E2AE6C2545F2160026F042 /* Build configuration list for PBXNativeTarget "CurrenyExchange" */ = {
			isa = XCConfigurationList;
			buildConfigurations = (
				11E2AE6D2545F2160026F042 /* Debug */,
				11E2AE6E2545F2160026F042 /* Release */,
			);
			defaultConfigurationIsVisible = 0;
			defaultConfigurationName = Release;
		};
		11E2AE6F2545F2160026F042 /* Build configuration list for PBXNativeTarget "CurrenyExchangeTests" */ = {
			isa = XCConfigurationList;
			buildConfigurations = (
				11E2AE702545F2160026F042 /* Debug */,
				11E2AE712545F2160026F042 /* Release */,
			);
			defaultConfigurationIsVisible = 0;
			defaultConfigurationName = Release;
		};
		11E2AE722545F2160026F042 /* Build configuration list for PBXNativeTarget "CurrenyExchangeUITests" */ = {
			isa = XCConfigurationList;
			buildConfigurations = (
				11E2AE732545F2160026F042 /* Debug */,
				11E2AE742545F2160026F042 /* Release */,
			);
			defaultConfigurationIsVisible = 0;
			defaultConfigurationName = Release;
		};
/* End XCConfigurationList section */
	};
	rootObject = 11E2AE3F2545F2140026F042 /* Project object */;
}
