// !$*UTF8*$!
{
	archiveVersion = 1;
	classes = {
	};
	objectVersion = 50;
	objects = {

/* Begin PBXBuildFile section */
		1172FD02252C92EF00D026AA /* ShopApp.swift in Sources */ = {isa = PBXBuildFile; fileRef = 1172FD01252C92EF00D026AA /* ShopApp.swift */; };
		1172FD04252C92EF00D026AA /* ContentView.swift in Sources */ = {isa = PBXBuildFile; fileRef = 1172FD03252C92EF00D026AA /* ContentView.swift */; };
		1172FD06252C92F200D026AA /* Assets.xcassets in Resources */ = {isa = PBXBuildFile; fileRef = 1172FD05252C92F200D026AA /* Assets.xcassets */; };
		1172FD09252C92F200D026AA /* Preview Assets.xcassets in Resources */ = {isa = PBXBuildFile; fileRef = 1172FD08252C92F200D026AA /* Preview Assets.xcassets */; };
		1172FD0B252C92F200D026AA /* Persistence.swift in Sources */ = {isa = PBXBuildFile; fileRef = 1172FD0A252C92F200D026AA /* Persistence.swift */; };
		1172FD0E252C92F200D026AA /* Shop.xcdatamodeld in Sources */ = {isa = PBXBuildFile; fileRef = 1172FD0C252C92F200D026AA /* Shop.xcdatamodeld */; };
		1172FD19252C92F200D026AA /* ShopTests.swift in Sources */ = {isa = PBXBuildFile; fileRef = 1172FD18252C92F200D026AA /* ShopTests.swift */; };
		1172FD24252C92F200D026AA /* ShopUITests.swift in Sources */ = {isa = PBXBuildFile; fileRef = 1172FD23252C92F200D026AA /* ShopUITests.swift */; };
		1172FD3D252C932200D026AA /* DetailView.swift in Sources */ = {isa = PBXBuildFile; fileRef = 1172FD35252C932200D026AA /* DetailView.swift */; };
		1172FD3E252C932200D026AA /* TabButton.swift in Sources */ = {isa = PBXBuildFile; fileRef = 1172FD36252C932200D026AA /* TabButton.swift */; };
		1172FD3F252C932200D026AA /* Home.swift in Sources */ = {isa = PBXBuildFile; fileRef = 1172FD37252C932200D026AA /* Home.swift */; };
		1172FD40252C932200D026AA /* ColorButton.swift in Sources */ = {isa = PBXBuildFile; fileRef = 1172FD38252C932200D026AA /* ColorButton.swift */; };
		1172FD41252C932200D026AA /* BagView.swift in Sources */ = {isa = PBXBuildFile; fileRef = 1172FD39252C932200D026AA /* BagView.swift */; };
		1172FD42252C932200D026AA /* CustomCorner.swift in Sources */ = {isa = PBXBuildFile; fileRef = 1172FD3A252C932200D026AA /* CustomCorner.swift */; };
		1172FD43252C932200D026AA /* ModelData.swift in Sources */ = {isa = PBXBuildFile; fileRef = 1172FD3C252C932200D026AA /* ModelData.swift */; };
/* End PBXBuildFile section */

/* Begin PBXContainerItemProxy section */
		1172FD15252C92F200D026AA /* PBXContainerItemProxy */ = {
			isa = PBXContainerItemProxy;
			containerPortal = 1172FCF6252C92EF00D026AA /* Project object */;
			proxyType = 1;
			remoteGlobalIDString = 1172FCFD252C92EF00D026AA;
			remoteInfo = Shop;
		};
		1172FD20252C92F200D026AA /* PBXContainerItemProxy */ = {
			isa = PBXContainerItemProxy;
			containerPortal = 1172FCF6252C92EF00D026AA /* Project object */;
			proxyType = 1;
			remoteGlobalIDString = 1172FCFD252C92EF00D026AA;
			remoteInfo = Shop;
		};
/* End PBXContainerItemProxy section */

/* Begin PBXFileReference section */
		1172FCFE252C92EF00D026AA /* Shop.app */ = {isa = PBXFileReference; explicitFileType = wrapper.application; includeInIndex = 0; path = Shop.app; sourceTree = BUILT_PRODUCTS_DIR; };
		1172FD01252C92EF00D026AA /* ShopApp.swift */ = {isa = PBXFileReference; lastKnownFileType = sourcecode.swift; path = ShopApp.swift; sourceTree = "<group>"; };
		1172FD03252C92EF00D026AA /* ContentView.swift */ = {isa = PBXFileReference; lastKnownFileType = sourcecode.swift; path = ContentView.swift; sourceTree = "<group>"; };
		1172FD05252C92F200D026AA /* Assets.xcassets */ = {isa = PBXFileReference; lastKnownFileType = folder.assetcatalog; path = Assets.xcassets; sourceTree = "<group>"; };
		1172FD08252C92F200D026AA /* Preview Assets.xcassets */ = {isa = PBXFileReference; lastKnownFileType = folder.assetcatalog; path = "Preview Assets.xcassets"; sourceTree = "<group>"; };
		1172FD0A252C92F200D026AA /* Persistence.swift */ = {isa = PBXFileReference; lastKnownFileType = sourcecode.swift; path = Persistence.swift; sourceTree = "<group>"; };
		1172FD0D252C92F200D026AA /* Shop.xcdatamodel */ = {isa = PBXFileReference; lastKnownFileType = wrapper.xcdatamodel; path = Shop.xcdatamodel; sourceTree = "<group>"; };
		1172FD0F252C92F200D026AA /* Info.plist */ = {isa = PBXFileReference; lastKnownFileType = text.plist.xml; path = Info.plist; sourceTree = "<group>"; };
		1172FD14252C92F200D026AA /* ShopTests.xctest */ = {isa = PBXFileReference; explicitFileType = wrapper.cfbundle; includeInIndex = 0; path = ShopTests.xctest; sourceTree = BUILT_PRODUCTS_DIR; };
		1172FD18252C92F200D026AA /* ShopTests.swift */ = {isa = PBXFileReference; lastKnownFileType = sourcecode.swift; path = ShopTests.swift; sourceTree = "<group>"; };
		1172FD1A252C92F200D026AA /* Info.plist */ = {isa = PBXFileReference; lastKnownFileType = text.plist.xml; path = Info.plist; sourceTree = "<group>"; };
		1172FD1F252C92F200D026AA /* ShopUITests.xctest */ = {isa = PBXFileReference; explicitFileType = wrapper.cfbundle; includeInIndex = 0; path = ShopUITests.xctest; sourceTree = BUILT_PRODUCTS_DIR; };
		1172FD23252C92F200D026AA /* ShopUITests.swift */ = {isa = PBXFileReference; lastKnownFileType = sourcecode.swift; path = ShopUITests.swift; sourceTree = "<group>"; };
		1172FD25252C92F200D026AA /* Info.plist */ = {isa = PBXFileReference; lastKnownFileType = text.plist.xml; path = Info.plist; sourceTree = "<group>"; };
		1172FD35252C932200D026AA /* DetailView.swift */ = {isa = PBXFileReference; fileEncoding = 4; lastKnownFileType = sourcecode.swift; path = DetailView.swift; sourceTree = "<group>"; };
		1172FD36252C932200D026AA /* TabButton.swift */ = {isa = PBXFileReference; fileEncoding = 4; lastKnownFileType = sourcecode.swift; path = TabButton.swift; sourceTree = "<group>"; };
		1172FD37252C932200D026AA /* Home.swift */ = {isa = PBXFileReference; fileEncoding = 4; lastKnownFileType = sourcecode.swift; path = Home.swift; sourceTree = "<group>"; };
		1172FD38252C932200D026AA /* ColorButton.swift */ = {isa = PBXFileReference; fileEncoding = 4; lastKnownFileType = sourcecode.swift; path = ColorButton.swift; sourceTree = "<group>"; };
		1172FD39252C932200D026AA /* BagView.swift */ = {isa = PBXFileReference; fileEncoding = 4; lastKnownFileType = sourcecode.swift; path = BagView.swift; sourceTree = "<group>"; };
		1172FD3A252C932200D026AA /* CustomCorner.swift */ = {isa = PBXFileReference; fileEncoding = 4; lastKnownFileType = sourcecode.swift; path = CustomCorner.swift; sourceTree = "<group>"; };
		1172FD3C252C932200D026AA /* ModelData.swift */ = {isa = PBXFileReference; fileEncoding = 4; lastKnownFileType = sourcecode.swift; path = ModelData.swift; sourceTree = "<group>"; };
/* End PBXFileReference section */

/* Begin PBXFrameworksBuildPhase section */
		1172FCFB252C92EF00D026AA /* Frameworks */ = {
			isa = PBXFrameworksBuildPhase;
			buildActionMask = 2147483647;
			files = (
			);
			runOnlyForDeploymentPostprocessing = 0;
		};
		1172FD11252C92F200D026AA /* Frameworks */ = {
			isa = PBXFrameworksBuildPhase;
			buildActionMask = 2147483647;
			files = (
			);
			runOnlyForDeploymentPostprocessing = 0;
		};
		1172FD1C252C92F200D026AA /* Frameworks */ = {
			isa = PBXFrameworksBuildPhase;
			buildActionMask = 2147483647;
			files = (
			);
			runOnlyForDeploymentPostprocessing = 0;
		};
/* End PBXFrameworksBuildPhase section */

/* Begin PBXGroup section */
		1172FCF5252C92EF00D026AA = {
			isa = PBXGroup;
			children = (
				1172FD00252C92EF00D026AA /* Shop */,
				1172FD17252C92F200D026AA /* ShopTests */,
				1172FD22252C92F200D026AA /* ShopUITests */,
				1172FCFF252C92EF00D026AA /* Products */,
			);
			sourceTree = "<group>";
		};
		1172FCFF252C92EF00D026AA /* Products */ = {
			isa = PBXGroup;
			children = (
				1172FCFE252C92EF00D026AA /* Shop.app */,
				1172FD14252C92F200D026AA /* ShopTests.xctest */,
				1172FD1F252C92F200D026AA /* ShopUITests.xctest */,
			);
			name = Products;
			sourceTree = "<group>";
		};
		1172FD00252C92EF00D026AA /* Shop */ = {
			isa = PBXGroup;
			children = (
				1172FD3B252C932200D026AA /* Model */,
				1172FD34252C932200D026AA /* View */,
				1172FD01252C92EF00D026AA /* ShopApp.swift */,
				1172FD03252C92EF00D026AA /* ContentView.swift */,
				1172FD05252C92F200D026AA /* Assets.xcassets */,
				1172FD0A252C92F200D026AA /* Persistence.swift */,
				1172FD0F252C92F200D026AA /* Info.plist */,
				1172FD0C252C92F200D026AA /* Shop.xcdatamodeld */,
				1172FD07252C92F200D026AA /* Preview Content */,
			);
			path = Shop;
			sourceTree = "<group>";
		};
		1172FD07252C92F200D026AA /* Preview Content */ = {
			isa = PBXGroup;
			children = (
				1172FD08252C92F200D026AA /* Preview Assets.xcassets */,
			);
			path = "Preview Content";
			sourceTree = "<group>";
		};
		1172FD17252C92F200D026AA /* ShopTests */ = {
			isa = PBXGroup;
			children = (
				1172FD18252C92F200D026AA /* ShopTests.swift */,
				1172FD1A252C92F200D026AA /* Info.plist */,
			);
			path = ShopTests;
			sourceTree = "<group>";
		};
		1172FD22252C92F200D026AA /* ShopUITests */ = {
			isa = PBXGroup;
			children = (
				1172FD23252C92F200D026AA /* ShopUITests.swift */,
				1172FD25252C92F200D026AA /* Info.plist */,
			);
			path = ShopUITests;
			sourceTree = "<group>";
		};
		1172FD34252C932200D026AA /* View */ = {
			isa = PBXGroup;
			children = (
				1172FD35252C932200D026AA /* DetailView.swift */,
				1172FD36252C932200D026AA /* TabButton.swift */,
				1172FD37252C932200D026AA /* Home.swift */,
				1172FD38252C932200D026AA /* ColorButton.swift */,
				1172FD39252C932200D026AA /* BagView.swift */,
				1172FD3A252C932200D026AA /* CustomCorner.swift */,
			);
			path = View;
			sourceTree = "<group>";
		};
		1172FD3B252C932200D026AA /* Model */ = {
			isa = PBXGroup;
			children = (
				1172FD3C252C932200D026AA /* ModelData.swift */,
			);
			path = Model;
			sourceTree = "<group>";
		};
/* End PBXGroup section */

/* Begin PBXNativeTarget section */
		1172FCFD252C92EF00D026AA /* Shop */ = {
			isa = PBXNativeTarget;
			buildConfigurationList = 1172FD28252C92F200D026AA /* Build configuration list for PBXNativeTarget "Shop" */;
			buildPhases = (
				1172FCFA252C92EF00D026AA /* Sources */,
				1172FCFB252C92EF00D026AA /* Frameworks */,
				1172FCFC252C92EF00D026AA /* Resources */,
			);
			buildRules = (
			);
			dependencies = (
			);
			name = Shop;
			productName = Shop;
			productReference = 1172FCFE252C92EF00D026AA /* Shop.app */;
			productType = "com.apple.product-type.application";
		};
		1172FD13252C92F200D026AA /* ShopTests */ = {
			isa = PBXNativeTarget;
			buildConfigurationList = 1172FD2B252C92F200D026AA /* Build configuration list for PBXNativeTarget "ShopTests" */;
			buildPhases = (
				1172FD10252C92F200D026AA /* Sources */,
				1172FD11252C92F200D026AA /* Frameworks */,
				1172FD12252C92F200D026AA /* Resources */,
			);
			buildRules = (
			);
			dependencies = (
				1172FD16252C92F200D026AA /* PBXTargetDependency */,
			);
			name = ShopTests;
			productName = ShopTests;
			productReference = 1172FD14252C92F200D026AA /* ShopTests.xctest */;
			productType = "com.apple.product-type.bundle.unit-test";
		};
		1172FD1E252C92F200D026AA /* ShopUITests */ = {
			isa = PBXNativeTarget;
			buildConfigurationList = 1172FD2E252C92F200D026AA /* Build configuration list for PBXNativeTarget "ShopUITests" */;
			buildPhases = (
				1172FD1B252C92F200D026AA /* Sources */,
				1172FD1C252C92F200D026AA /* Frameworks */,
				1172FD1D252C92F200D026AA /* Resources */,
			);
			buildRules = (
			);
			dependencies = (
				1172FD21252C92F200D026AA /* PBXTargetDependency */,
			);
			name = ShopUITests;
			productName = ShopUITests;
			productReference = 1172FD1F252C92F200D026AA /* ShopUITests.xctest */;
			productType = "com.apple.product-type.bundle.ui-testing";
		};
/* End PBXNativeTarget section */

/* Begin PBXProject section */
		1172FCF6252C92EF00D026AA /* Project object */ = {
			isa = PBXProject;
			attributes = {
				LastSwiftUpdateCheck = 1200;
				LastUpgradeCheck = 1200;
				TargetAttributes = {
					1172FCFD252C92EF00D026AA = {
						CreatedOnToolsVersion = 12.0.1;
					};
					1172FD13252C92F200D026AA = {
						CreatedOnToolsVersion = 12.0.1;
						TestTargetID = 1172FCFD252C92EF00D026AA;
					};
					1172FD1E252C92F200D026AA = {
						CreatedOnToolsVersion = 12.0.1;
						TestTargetID = 1172FCFD252C92EF00D026AA;
					};
				};
			};
			buildConfigurationList = 1172FCF9252C92EF00D026AA /* Build configuration list for PBXProject "Shop" */;
			compatibilityVersion = "Xcode 9.3";
			developmentRegion = en;
			hasScannedForEncodings = 0;
			knownRegions = (
				en,
				Base,
			);
			mainGroup = 1172FCF5252C92EF00D026AA;
			productRefGroup = 1172FCFF252C92EF00D026AA /* Products */;
			projectDirPath = "";
			projectRoot = "";
			targets = (
				1172FCFD252C92EF00D026AA /* Shop */,
				1172FD13252C92F200D026AA /* ShopTests */,
				1172FD1E252C92F200D026AA /* ShopUITests */,
			);
		};
/* End PBXProject section */

/* Begin PBXResourcesBuildPhase section */
		1172FCFC252C92EF00D026AA /* Resources */ = {
			isa = PBXResourcesBuildPhase;
			buildActionMask = 2147483647;
			files = (
				1172FD09252C92F200D026AA /* Preview Assets.xcassets in Resources */,
				1172FD06252C92F200D026AA /* Assets.xcassets in Resources */,
			);
			runOnlyForDeploymentPostprocessing = 0;
		};
		1172FD12252C92F200D026AA /* Resources */ = {
			isa = PBXResourcesBuildPhase;
			buildActionMask = 2147483647;
			files = (
			);
			runOnlyForDeploymentPostprocessing = 0;
		};
		1172FD1D252C92F200D026AA /* Resources */ = {
			isa = PBXResourcesBuildPhase;
			buildActionMask = 2147483647;
			files = (
			);
			runOnlyForDeploymentPostprocessing = 0;
		};
/* End PBXResourcesBuildPhase section */

/* Begin PBXSourcesBuildPhase section */
		1172FCFA252C92EF00D026AA /* Sources */ = {
			isa = PBXSourcesBuildPhase;
			buildActionMask = 2147483647;
			files = (
				1172FD0B252C92F200D026AA /* Persistence.swift in Sources */,
				1172FD42252C932200D026AA /* CustomCorner.swift in Sources */,
				1172FD04252C92EF00D026AA /* ContentView.swift in Sources */,
				1172FD02252C92EF00D026AA /* ShopApp.swift in Sources */,
				1172FD3E252C932200D026AA /* TabButton.swift in Sources */,
				1172FD3D252C932200D026AA /* DetailView.swift in Sources */,
				1172FD0E252C92F200D026AA /* Shop.xcdatamodeld in Sources */,
				1172FD43252C932200D026AA /* ModelData.swift in Sources */,
				1172FD3F252C932200D026AA /* Home.swift in Sources */,
				1172FD40252C932200D026AA /* ColorButton.swift in Sources */,
				1172FD41252C932200D026AA /* BagView.swift in Sources */,
			);
			runOnlyForDeploymentPostprocessing = 0;
		};
		1172FD10252C92F200D026AA /* Sources */ = {
			isa = PBXSourcesBuildPhase;
			buildActionMask = 2147483647;
			files = (
				1172FD19252C92F200D026AA /* ShopTests.swift in Sources */,
			);
			runOnlyForDeploymentPostprocessing = 0;
		};
		1172FD1B252C92F200D026AA /* Sources */ = {
			isa = PBXSourcesBuildPhase;
			buildActionMask = 2147483647;
			files = (
				1172FD24252C92F200D026AA /* ShopUITests.swift in Sources */,
			);
			runOnlyForDeploymentPostprocessing = 0;
		};
/* End PBXSourcesBuildPhase section */

/* Begin PBXTargetDependency section */
		1172FD16252C92F200D026AA /* PBXTargetDependency */ = {
			isa = PBXTargetDependency;
			target = 1172FCFD252C92EF00D026AA /* Shop */;
			targetProxy = 1172FD15252C92F200D026AA /* PBXContainerItemProxy */;
		};
		1172FD21252C92F200D026AA /* PBXTargetDependency */ = {
			isa = PBXTargetDependency;
			target = 1172FCFD252C92EF00D026AA /* Shop */;
			targetProxy = 1172FD20252C92F200D026AA /* PBXContainerItemProxy */;
		};
/* End PBXTargetDependency section */

/* Begin XCBuildConfiguration section */
		1172FD26252C92F200D026AA /* Debug */ = {
			isa = XCBuildConfiguration;
			buildSettings = {
				ALWAYS_SEARCH_USER_PATHS = NO;
				CLANG_ANALYZER_NONNULL = YES;
				CLANG_ANALYZER_NUMBER_OBJECT_CONVERSION = YES_AGGRESSIVE;
				CLANG_CXX_LANGUAGE_STANDARD = "gnu++14";
				CLANG_CXX_LIBRARY = "libc++";
				CLANG_ENABLE_MODULES = YES;
				CLANG_ENABLE_OBJC_ARC = YES;
				CLANG_ENABLE_OBJC_WEAK = YES;
				CLANG_WARN_BLOCK_CAPTURE_AUTORELEASING = YES;
				CLANG_WARN_BOOL_CONVERSION = YES;
				CLANG_WARN_COMMA = YES;
				CLANG_WARN_CONSTANT_CONVERSION = YES;
				CLANG_WARN_DEPRECATED_OBJC_IMPLEMENTATIONS = YES;
				CLANG_WARN_DIRECT_OBJC_ISA_USAGE = YES_ERROR;
				CLANG_WARN_DOCUMENTATION_COMMENTS = YES;
				CLANG_WARN_EMPTY_BODY = YES;
				CLANG_WARN_ENUM_CONVERSION = YES;
				CLANG_WARN_INFINITE_RECURSION = YES;
				CLANG_WARN_INT_CONVERSION = YES;
				CLANG_WARN_NON_LITERAL_NULL_CONVERSION = YES;
				CLANG_WARN_OBJC_IMPLICIT_RETAIN_SELF = YES;
				CLANG_WARN_OBJC_LITERAL_CONVERSION = YES;
				CLANG_WARN_OBJC_ROOT_CLASS = YES_ERROR;
				CLANG_WARN_QUOTED_INCLUDE_IN_FRAMEWORK_HEADER = YES;
				CLANG_WARN_RANGE_LOOP_ANALYSIS = YES;
				CLANG_WARN_STRICT_PROTOTYPES = YES;
				CLANG_WARN_SUSPICIOUS_MOVE = YES;
				CLANG_WARN_UNGUARDED_AVAILABILITY = YES_AGGRESSIVE;
				CLANG_WARN_UNREACHABLE_CODE = YES;
				CLANG_WARN__DUPLICATE_METHOD_MATCH = YES;
				COPY_PHASE_STRIP = NO;
				DEBUG_INFORMATION_FORMAT = dwarf;
				ENABLE_STRICT_OBJC_MSGSEND = YES;
				ENABLE_TESTABILITY = YES;
				GCC_C_LANGUAGE_STANDARD = gnu11;
				GCC_DYNAMIC_NO_PIC = NO;
				GCC_NO_COMMON_BLOCKS = YES;
				GCC_OPTIMIZATION_LEVEL = 0;
				GCC_PREPROCESSOR_DEFINITIONS = (
					"DEBUG=1",
					"$(inherited)",
				);
				GCC_WARN_64_TO_32_BIT_CONVERSION = YES;
				GCC_WARN_ABOUT_RETURN_TYPE = YES_ERROR;
				GCC_WARN_UNDECLARED_SELECTOR = YES;
				GCC_WARN_UNINITIALIZED_AUTOS = YES_AGGRESSIVE;
				GCC_WARN_UNUSED_FUNCTION = YES;
				GCC_WARN_UNUSED_VARIABLE = YES;
				IPHONEOS_DEPLOYMENT_TARGET = 14.0;
				MTL_ENABLE_DEBUG_INFO = INCLUDE_SOURCE;
				MTL_FAST_MATH = YES;
				ONLY_ACTIVE_ARCH = YES;
				SDKROOT = iphoneos;
				SWIFT_ACTIVE_COMPILATION_CONDITIONS = DEBUG;
				SWIFT_OPTIMIZATION_LEVEL = "-Onone";
			};
			name = Debug;
		};
		1172FD27252C92F200D026AA /* Release */ = {
			isa = XCBuildConfiguration;
			buildSettings = {
				ALWAYS_SEARCH_USER_PATHS = NO;
				CLANG_ANALYZER_NONNULL = YES;
				CLANG_ANALYZER_NUMBER_OBJECT_CONVERSION = YES_AGGRESSIVE;
				CLANG_CXX_LANGUAGE_STANDARD = "gnu++14";
				CLANG_CXX_LIBRARY = "libc++";
				CLANG_ENABLE_MODULES = YES;
				CLANG_ENABLE_OBJC_ARC = YES;
				CLANG_ENABLE_OBJC_WEAK = YES;
				CLANG_WARN_BLOCK_CAPTURE_AUTORELEASING = YES;
				CLANG_WARN_BOOL_CONVERSION = YES;
				CLANG_WARN_COMMA = YES;
				CLANG_WARN_CONSTANT_CONVERSION = YES;
				CLANG_WARN_DEPRECATED_OBJC_IMPLEMENTATIONS = YES;
				CLANG_WARN_DIRECT_OBJC_ISA_USAGE = YES_ERROR;
				CLANG_WARN_DOCUMENTATION_COMMENTS = YES;
				CLANG_WARN_EMPTY_BODY = YES;
				CLANG_WARN_ENUM_CONVERSION = YES;
				CLANG_WARN_INFINITE_RECURSION = YES;
				CLANG_WARN_INT_CONVERSION = YES;
				CLANG_WARN_NON_LITERAL_NULL_CONVERSION = YES;
				CLANG_WARN_OBJC_IMPLICIT_RETAIN_SELF = YES;
				CLANG_WARN_OBJC_LITERAL_CONVERSION = YES;
				CLANG_WARN_OBJC_ROOT_CLASS = YES_ERROR;
				CLANG_WARN_QUOTED_INCLUDE_IN_FRAMEWORK_HEADER = YES;
				CLANG_WARN_RANGE_LOOP_ANALYSIS = YES;
				CLANG_WARN_STRICT_PROTOTYPES = YES;
				CLANG_WARN_SUSPICIOUS_MOVE = YES;
				CLANG_WARN_UNGUARDED_AVAILABILITY = YES_AGGRESSIVE;
				CLANG_WARN_UNREACHABLE_CODE = YES;
				CLANG_WARN__DUPLICATE_METHOD_MATCH = YES;
				COPY_PHASE_STRIP = NO;
				DEBUG_INFORMATION_FORMAT = "dwarf-with-dsym";
				ENABLE_NS_ASSERTIONS = NO;
				ENABLE_STRICT_OBJC_MSGSEND = YES;
				GCC_C_LANGUAGE_STANDARD = gnu11;
				GCC_NO_COMMON_BLOCKS = YES;
				GCC_WARN_64_TO_32_BIT_CONVERSION = YES;
				GCC_WARN_ABOUT_RETURN_TYPE = YES_ERROR;
				GCC_WARN_UNDECLARED_SELECTOR = YES;
				GCC_WARN_UNINITIALIZED_AUTOS = YES_AGGRESSIVE;
				GCC_WARN_UNUSED_FUNCTION = YES;
				GCC_WARN_UNUSED_VARIABLE = YES;
				IPHONEOS_DEPLOYMENT_TARGET = 14.0;
				MTL_ENABLE_DEBUG_INFO = NO;
				MTL_FAST_MATH = YES;
				SDKROOT = iphoneos;
				SWIFT_COMPILATION_MODE = wholemodule;
				SWIFT_OPTIMIZATION_LEVEL = "-O";
				VALIDATE_PRODUCT = YES;
			};
			name = Release;
		};
		1172FD29252C92F200D026AA /* Debug */ = {
			isa = XCBuildConfiguration;
			buildSettings = {
				ASSETCATALOG_COMPILER_APPICON_NAME = AppIcon;
				ASSETCATALOG_COMPILER_GLOBAL_ACCENT_COLOR_NAME = AccentColor;
				CODE_SIGN_STYLE = Automatic;
				DEVELOPMENT_ASSET_PATHS = "\"Shop/Preview Content\"";
				DEVELOPMENT_TEAM = CSE9343A58;
				ENABLE_PREVIEWS = YES;
				INFOPLIST_FILE = Shop/Info.plist;
				IPHONEOS_DEPLOYMENT_TARGET = 14.0;
				LD_RUNPATH_SEARCH_PATHS = (
					"$(inherited)",
					"@executable_path/Frameworks",
				);
				PRODUCT_BUNDLE_IDENTIFIER = frontyard.Shop;
				PRODUCT_NAME = "$(TARGET_NAME)";
				SWIFT_VERSION = 5.0;
				TARGETED_DEVICE_FAMILY = "1,2";
			};
			name = Debug;
		};
		1172FD2A252C92F200D026AA /* Release */ = {
			isa = XCBuildConfiguration;
			buildSettings = {
				ASSETCATALOG_COMPILER_APPICON_NAME = AppIcon;
				ASSETCATALOG_COMPILER_GLOBAL_ACCENT_COLOR_NAME = AccentColor;
				CODE_SIGN_STYLE = Automatic;
				DEVELOPMENT_ASSET_PATHS = "\"Shop/Preview Content\"";
				DEVELOPMENT_TEAM = CSE9343A58;
				ENABLE_PREVIEWS = YES;
				INFOPLIST_FILE = Shop/Info.plist;
				IPHONEOS_DEPLOYMENT_TARGET = 14.0;
				LD_RUNPATH_SEARCH_PATHS = (
					"$(inherited)",
					"@executable_path/Frameworks",
				);
				PRODUCT_BUNDLE_IDENTIFIER = frontyard.Shop;
				PRODUCT_NAME = "$(TARGET_NAME)";
				SWIFT_VERSION = 5.0;
				TARGETED_DEVICE_FAMILY = "1,2";
			};
			name = Release;
		};
		1172FD2C252C92F200D026AA /* Debug */ = {
			isa = XCBuildConfiguration;
			buildSettings = {
				ALWAYS_EMBED_SWIFT_STANDARD_LIBRARIES = YES;
				BUNDLE_LOADER = "$(TEST_HOST)";
				CODE_SIGN_STYLE = Automatic;
				DEVELOPMENT_TEAM = CSE9343A58;
				INFOPLIST_FILE = ShopTests/Info.plist;
				IPHONEOS_DEPLOYMENT_TARGET = 14.0;
				LD_RUNPATH_SEARCH_PATHS = (
					"$(inherited)",
					"@executable_path/Frameworks",
					"@loader_path/Frameworks",
				);
				PRODUCT_BUNDLE_IDENTIFIER = frontyard.ShopTests;
				PRODUCT_NAME = "$(TARGET_NAME)";
				SWIFT_VERSION = 5.0;
				TARGETED_DEVICE_FAMILY = "1,2";
				TEST_HOST = "$(BUILT_PRODUCTS_DIR)/Shop.app/Shop";
			};
			name = Debug;
		};
		1172FD2D252C92F200D026AA /* Release */ = {
			isa = XCBuildConfiguration;
			buildSettings = {
				ALWAYS_EMBED_SWIFT_STANDARD_LIBRARIES = YES;
				BUNDLE_LOADER = "$(TEST_HOST)";
				CODE_SIGN_STYLE = Automatic;
				DEVELOPMENT_TEAM = CSE9343A58;
				INFOPLIST_FILE = ShopTests/Info.plist;
				IPHONEOS_DEPLOYMENT_TARGET = 14.0;
				LD_RUNPATH_SEARCH_PATHS = (
					"$(inherited)",
					"@executable_path/Frameworks",
					"@loader_path/Frameworks",
				);
				PRODUCT_BUNDLE_IDENTIFIER = frontyard.ShopTests;
				PRODUCT_NAME = "$(TARGET_NAME)";
				SWIFT_VERSION = 5.0;
				TARGETED_DEVICE_FAMILY = "1,2";
				TEST_HOST = "$(BUILT_PRODUCTS_DIR)/Shop.app/Shop";
			};
			name = Release;
		};
		1172FD2F252C92F200D026AA /* Debug */ = {
			isa = XCBuildConfiguration;
			buildSettings = {
				ALWAYS_EMBED_SWIFT_STANDARD_LIBRARIES = YES;
				CODE_SIGN_STYLE = Automatic;
				DEVELOPMENT_TEAM = CSE9343A58;
				INFOPLIST_FILE = ShopUITests/Info.plist;
				LD_RUNPATH_SEARCH_PATHS = (
					"$(inherited)",
					"@executable_path/Frameworks",
					"@loader_path/Frameworks",
				);
				PRODUCT_BUNDLE_IDENTIFIER = frontyard.ShopUITests;
				PRODUCT_NAME = "$(TARGET_NAME)";
				SWIFT_VERSION = 5.0;
				TARGETED_DEVICE_FAMILY = "1,2";
				TEST_TARGET_NAME = Shop;
			};
			name = Debug;
		};
		1172FD30252C92F200D026AA /* Release */ = {
			isa = XCBuildConfiguration;
			buildSettings = {
				ALWAYS_EMBED_SWIFT_STANDARD_LIBRARIES = YES;
				CODE_SIGN_STYLE = Automatic;
				DEVELOPMENT_TEAM = CSE9343A58;
				INFOPLIST_FILE = ShopUITests/Info.plist;
				LD_RUNPATH_SEARCH_PATHS = (
					"$(inherited)",
					"@executable_path/Frameworks",
					"@loader_path/Frameworks",
				);
				PRODUCT_BUNDLE_IDENTIFIER = frontyard.ShopUITests;
				PRODUCT_NAME = "$(TARGET_NAME)";
				SWIFT_VERSION = 5.0;
				TARGETED_DEVICE_FAMILY = "1,2";
				TEST_TARGET_NAME = Shop;
			};
			name = Release;
		};
/* End XCBuildConfiguration section */

/* Begin XCConfigurationList section */
		1172FCF9252C92EF00D026AA /* Build configuration list for PBXProject "Shop" */ = {
			isa = XCConfigurationList;
			buildConfigurations = (
				1172FD26252C92F200D026AA /* Debug */,
				1172FD27252C92F200D026AA /* Release */,
			);
			defaultConfigurationIsVisible = 0;
			defaultConfigurationName = Release;
		};
		1172FD28252C92F200D026AA /* Build configuration list for PBXNativeTarget "Shop" */ = {
			isa = XCConfigurationList;
			buildConfigurations = (
				1172FD29252C92F200D026AA /* Debug */,
				1172FD2A252C92F200D026AA /* Release */,
			);
			defaultConfigurationIsVisible = 0;
			defaultConfigurationName = Release;
		};
		1172FD2B252C92F200D026AA /* Build configuration list for PBXNativeTarget "ShopTests" */ = {
			isa = XCConfigurationList;
			buildConfigurations = (
				1172FD2C252C92F200D026AA /* Debug */,
				1172FD2D252C92F200D026AA /* Release */,
			);
			defaultConfigurationIsVisible = 0;
			defaultConfigurationName = Release;
		};
		1172FD2E252C92F200D026AA /* Build configuration list for PBXNativeTarget "ShopUITests" */ = {
			isa = XCConfigurationList;
			buildConfigurations = (
				1172FD2F252C92F200D026AA /* Debug */,
				1172FD30252C92F200D026AA /* Release */,
			);
			defaultConfigurationIsVisible = 0;
			defaultConfigurationName = Release;
		};
/* End XCConfigurationList section */

/* Begin XCVersionGroup section */
		1172FD0C252C92F200D026AA /* Shop.xcdatamodeld */ = {
			isa = XCVersionGroup;
			children = (
				1172FD0D252C92F200D026AA /* Shop.xcdatamodel */,
			);
			currentVersion = 1172FD0D252C92F200D026AA /* Shop.xcdatamodel */;
			path = Shop.xcdatamodeld;
			sourceTree = "<group>";
			versionGroupType = wrapper.xcdatamodel;
		};
/* End XCVersionGroup section */
	};
	rootObject = 1172FCF6252C92EF00D026AA /* Project object */;
}
