// !$*UTF8*$!
{
	archiveVersion = 1;
	classes = {
	};
	objectVersion = 50;
	objects = {

/* Begin PBXBuildFile section */
		1117BD1025FD220C00F41E52 /* Daily_task_widget_iosApp.swift in Sources */ = {isa = PBXBuildFile; fileRef = 1117BD0F25FD220C00F41E52 /* Daily_task_widget_iosApp.swift */; };
		1117BD1225FD220C00F41E52 /* ContentView.swift in Sources */ = {isa = PBXBuildFile; fileRef = 1117BD1125FD220C00F41E52 /* ContentView.swift */; };
		1117BD1425FD220E00F41E52 /* Assets.xcassets in Resources */ = {isa = PBXBuildFile; fileRef = 1117BD1325FD220E00F41E52 /* Assets.xcassets */; };
		1117BD1725FD220E00F41E52 /* Preview Assets.xcassets in Resources */ = {isa = PBXBuildFile; fileRef = 1117BD1625FD220E00F41E52 /* Preview Assets.xcassets */; };
		1117BD1925FD220E00F41E52 /* Persistence.swift in Sources */ = {isa = PBXBuildFile; fileRef = 1117BD1825FD220E00F41E52 /* Persistence.swift */; };
		1117BD1C25FD220E00F41E52 /* Daily_task_widget_ios.xcdatamodeld in Sources */ = {isa = PBXBuildFile; fileRef = 1117BD1A25FD220E00F41E52 /* Daily_task_widget_ios.xcdatamodeld */; };
		1117BD2725FD220E00F41E52 /* Daily_task_widget_iosTests.swift in Sources */ = {isa = PBXBuildFile; fileRef = 1117BD2625FD220E00F41E52 /* Daily_task_widget_iosTests.swift */; };
		1117BD3225FD220E00F41E52 /* Daily_task_widget_iosUITests.swift in Sources */ = {isa = PBXBuildFile; fileRef = 1117BD3125FD220E00F41E52 /* Daily_task_widget_iosUITests.swift */; };
		1117BD4625FEDE8D00F41E52 /* sound-ding.mp3 in Resources */ = {isa = PBXBuildFile; fileRef = 1117BD4325FEDE8B00F41E52 /* sound-ding.mp3 */; };
		1117BD4725FEDE8D00F41E52 /* sound-rise.mp3 in Resources */ = {isa = PBXBuildFile; fileRef = 1117BD4425FEDE8C00F41E52 /* sound-rise.mp3 */; };
		1117BD4825FEDE8D00F41E52 /* sound-tap.mp3 in Resources */ = {isa = PBXBuildFile; fileRef = 1117BD4525FEDE8D00F41E52 /* sound-tap.mp3 */; };
		1117BD7225FF010000F41E52 /* Constant.swift in Sources */ = {isa = PBXBuildFile; fileRef = 1117BD7125FF010000F41E52 /* Constant.swift */; };
		1117BD81260032DD00F41E52 /* HideKeyboardExtension.swift in Sources */ = {isa = PBXBuildFile; fileRef = 1117BD80260032DD00F41E52 /* HideKeyboardExtension.swift */; };
		1117BD992601530200F41E52 /* BackgroundImage.swift in Sources */ = {isa = PBXBuildFile; fileRef = 1117BD982601530200F41E52 /* BackgroundImage.swift */; };
		1117BD9E2601593D00F41E52 /* NewTaskItemView.swift in Sources */ = {isa = PBXBuildFile; fileRef = 1117BD9D2601593D00F41E52 /* NewTaskItemView.swift */; };
		1117BDA326017F5E00F41E52 /* BlankView.swift in Sources */ = {isa = PBXBuildFile; fileRef = 1117BDA226017F5E00F41E52 /* BlankView.swift */; };
		11F1D7C92603E4E500258DA6 /* ListRowItemView.swift in Sources */ = {isa = PBXBuildFile; fileRef = 11F1D7C82603E4E500258DA6 /* ListRowItemView.swift */; };
		11F1D7CE2604391500258DA6 /* CheckboxStyle.swift in Sources */ = {isa = PBXBuildFile; fileRef = 11F1D7CD2604391500258DA6 /* CheckboxStyle.swift */; };
/* End PBXBuildFile section */

/* Begin PBXContainerItemProxy section */
		1117BD2325FD220E00F41E52 /* PBXContainerItemProxy */ = {
			isa = PBXContainerItemProxy;
			containerPortal = 1117BD0425FD220C00F41E52 /* Project object */;
			proxyType = 1;
			remoteGlobalIDString = 1117BD0B25FD220C00F41E52;
			remoteInfo = Daily_task_widget_ios;
		};
		1117BD2E25FD220E00F41E52 /* PBXContainerItemProxy */ = {
			isa = PBXContainerItemProxy;
			containerPortal = 1117BD0425FD220C00F41E52 /* Project object */;
			proxyType = 1;
			remoteGlobalIDString = 1117BD0B25FD220C00F41E52;
			remoteInfo = Daily_task_widget_ios;
		};
/* End PBXContainerItemProxy section */

/* Begin PBXFileReference section */
		1117BD0C25FD220C00F41E52 /* Daily_task_widget_ios.app */ = {isa = PBXFileReference; explicitFileType = wrapper.application; includeInIndex = 0; path = Daily_task_widget_ios.app; sourceTree = BUILT_PRODUCTS_DIR; };
		1117BD0F25FD220C00F41E52 /* Daily_task_widget_iosApp.swift */ = {isa = PBXFileReference; lastKnownFileType = sourcecode.swift; path = Daily_task_widget_iosApp.swift; sourceTree = "<group>"; };
		1117BD1125FD220C00F41E52 /* ContentView.swift */ = {isa = PBXFileReference; lastKnownFileType = sourcecode.swift; path = ContentView.swift; sourceTree = "<group>"; };
		1117BD1325FD220E00F41E52 /* Assets.xcassets */ = {isa = PBXFileReference; lastKnownFileType = folder.assetcatalog; path = Assets.xcassets; sourceTree = "<group>"; };
		1117BD1625FD220E00F41E52 /* Preview Assets.xcassets */ = {isa = PBXFileReference; lastKnownFileType = folder.assetcatalog; path = "Preview Assets.xcassets"; sourceTree = "<group>"; };
		1117BD1825FD220E00F41E52 /* Persistence.swift */ = {isa = PBXFileReference; lastKnownFileType = sourcecode.swift; path = Persistence.swift; sourceTree = "<group>"; };
		1117BD1B25FD220E00F41E52 /* Daily_task_widget_ios.xcdatamodel */ = {isa = PBXFileReference; lastKnownFileType = wrapper.xcdatamodel; path = Daily_task_widget_ios.xcdatamodel; sourceTree = "<group>"; };
		1117BD1D25FD220E00F41E52 /* Info.plist */ = {isa = PBXFileReference; lastKnownFileType = text.plist.xml; path = Info.plist; sourceTree = "<group>"; };
		1117BD2225FD220E00F41E52 /* Daily_task_widget_iosTests.xctest */ = {isa = PBXFileReference; explicitFileType = wrapper.cfbundle; includeInIndex = 0; path = Daily_task_widget_iosTests.xctest; sourceTree = BUILT_PRODUCTS_DIR; };
		1117BD2625FD220E00F41E52 /* Daily_task_widget_iosTests.swift */ = {isa = PBXFileReference; lastKnownFileType = sourcecode.swift; path = Daily_task_widget_iosTests.swift; sourceTree = "<group>"; };
		1117BD2825FD220E00F41E52 /* Info.plist */ = {isa = PBXFileReference; lastKnownFileType = text.plist.xml; path = Info.plist; sourceTree = "<group>"; };
		1117BD2D25FD220E00F41E52 /* Daily_task_widget_iosUITests.xctest */ = {isa = PBXFileReference; explicitFileType = wrapper.cfbundle; includeInIndex = 0; path = Daily_task_widget_iosUITests.xctest; sourceTree = BUILT_PRODUCTS_DIR; };
		1117BD3125FD220E00F41E52 /* Daily_task_widget_iosUITests.swift */ = {isa = PBXFileReference; lastKnownFileType = sourcecode.swift; path = Daily_task_widget_iosUITests.swift; sourceTree = "<group>"; };
		1117BD3325FD220E00F41E52 /* Info.plist */ = {isa = PBXFileReference; lastKnownFileType = text.plist.xml; path = Info.plist; sourceTree = "<group>"; };
		1117BD4325FEDE8B00F41E52 /* sound-ding.mp3 */ = {isa = PBXFileReference; lastKnownFileType = audio.mp3; path = "sound-ding.mp3"; sourceTree = "<group>"; };
		1117BD4425FEDE8C00F41E52 /* sound-rise.mp3 */ = {isa = PBXFileReference; lastKnownFileType = audio.mp3; path = "sound-rise.mp3"; sourceTree = "<group>"; };
		1117BD4525FEDE8D00F41E52 /* sound-tap.mp3 */ = {isa = PBXFileReference; lastKnownFileType = audio.mp3; path = "sound-tap.mp3"; sourceTree = "<group>"; };
		1117BD7125FF010000F41E52 /* Constant.swift */ = {isa = PBXFileReference; lastKnownFileType = sourcecode.swift; path = Constant.swift; sourceTree = "<group>"; };
		1117BD80260032DD00F41E52 /* HideKeyboardExtension.swift */ = {isa = PBXFileReference; lastKnownFileType = sourcecode.swift; path = HideKeyboardExtension.swift; sourceTree = "<group>"; };
		1117BD982601530200F41E52 /* BackgroundImage.swift */ = {isa = PBXFileReference; lastKnownFileType = sourcecode.swift; path = BackgroundImage.swift; sourceTree = "<group>"; };
		1117BD9D2601593D00F41E52 /* NewTaskItemView.swift */ = {isa = PBXFileReference; lastKnownFileType = sourcecode.swift; path = NewTaskItemView.swift; sourceTree = "<group>"; };
		1117BDA226017F5E00F41E52 /* BlankView.swift */ = {isa = PBXFileReference; lastKnownFileType = sourcecode.swift; path = BlankView.swift; sourceTree = "<group>"; };
		11F1D7C82603E4E500258DA6 /* ListRowItemView.swift */ = {isa = PBXFileReference; lastKnownFileType = sourcecode.swift; path = ListRowItemView.swift; sourceTree = "<group>"; };
		11F1D7CD2604391500258DA6 /* CheckboxStyle.swift */ = {isa = PBXFileReference; lastKnownFileType = sourcecode.swift; path = CheckboxStyle.swift; sourceTree = "<group>"; };
/* End PBXFileReference section */

/* Begin PBXFrameworksBuildPhase section */
		1117BD0925FD220C00F41E52 /* Frameworks */ = {
			isa = PBXFrameworksBuildPhase;
			buildActionMask = 2147483647;
			files = (
			);
			runOnlyForDeploymentPostprocessing = 0;
		};
		1117BD1F25FD220E00F41E52 /* Frameworks */ = {
			isa = PBXFrameworksBuildPhase;
			buildActionMask = 2147483647;
			files = (
			);
			runOnlyForDeploymentPostprocessing = 0;
		};
		1117BD2A25FD220E00F41E52 /* Frameworks */ = {
			isa = PBXFrameworksBuildPhase;
			buildActionMask = 2147483647;
			files = (
			);
			runOnlyForDeploymentPostprocessing = 0;
		};
/* End PBXFrameworksBuildPhase section */

/* Begin PBXGroup section */
		1117BD0325FD220C00F41E52 = {
			isa = PBXGroup;
			children = (
				1117BD0E25FD220C00F41E52 /* Daily_task_widget_ios */,
				1117BD2525FD220E00F41E52 /* Daily_task_widget_iosTests */,
				1117BD3025FD220E00F41E52 /* Daily_task_widget_iosUITests */,
				1117BD0D25FD220C00F41E52 /* Products */,
			);
			sourceTree = "<group>";
		};
		1117BD0D25FD220C00F41E52 /* Products */ = {
			isa = PBXGroup;
			children = (
				1117BD0C25FD220C00F41E52 /* Daily_task_widget_ios.app */,
				1117BD2225FD220E00F41E52 /* Daily_task_widget_iosTests.xctest */,
				1117BD2D25FD220E00F41E52 /* Daily_task_widget_iosUITests.xctest */,
			);
			name = Products;
			sourceTree = "<group>";
		};
		1117BD0E25FD220C00F41E52 /* Daily_task_widget_ios */ = {
			isa = PBXGroup;
			children = (
				1117BD4F25FEDEBB00F41E52 /* Style */,
				1117BD4E25FEDEB500F41E52 /* Utility */,
				1117BD4D25FEDEB000F41E52 /* Extension */,
				1117BD4225FEDE7000F41E52 /* Sound */,
				1117BD0F25FD220C00F41E52 /* Daily_task_widget_iosApp.swift */,
				1117BD4C25FEDEA200F41E52 /* View */,
				1117BD1325FD220E00F41E52 /* Assets.xcassets */,
				1117BD5025FEDEE300F41E52 /* Model */,
				1117BD1D25FD220E00F41E52 /* Info.plist */,
				1117BD1525FD220E00F41E52 /* Preview Content */,
			);
			path = Daily_task_widget_ios;
			sourceTree = "<group>";
		};
		1117BD1525FD220E00F41E52 /* Preview Content */ = {
			isa = PBXGroup;
			children = (
				1117BD1625FD220E00F41E52 /* Preview Assets.xcassets */,
			);
			path = "Preview Content";
			sourceTree = "<group>";
		};
		1117BD2525FD220E00F41E52 /* Daily_task_widget_iosTests */ = {
			isa = PBXGroup;
			children = (
				1117BD2625FD220E00F41E52 /* Daily_task_widget_iosTests.swift */,
				1117BD2825FD220E00F41E52 /* Info.plist */,
			);
			path = Daily_task_widget_iosTests;
			sourceTree = "<group>";
		};
		1117BD3025FD220E00F41E52 /* Daily_task_widget_iosUITests */ = {
			isa = PBXGroup;
			children = (
				1117BD3125FD220E00F41E52 /* Daily_task_widget_iosUITests.swift */,
				1117BD3325FD220E00F41E52 /* Info.plist */,
			);
			path = Daily_task_widget_iosUITests;
			sourceTree = "<group>";
		};
		1117BD4225FEDE7000F41E52 /* Sound */ = {
			isa = PBXGroup;
			children = (
				1117BD4325FEDE8B00F41E52 /* sound-ding.mp3 */,
				1117BD4425FEDE8C00F41E52 /* sound-rise.mp3 */,
				1117BD4525FEDE8D00F41E52 /* sound-tap.mp3 */,
			);
			path = Sound;
			sourceTree = "<group>";
		};
		1117BD4C25FEDEA200F41E52 /* View */ = {
			isa = PBXGroup;
			children = (
				1117BD1125FD220C00F41E52 /* ContentView.swift */,
				1117BD982601530200F41E52 /* BackgroundImage.swift */,
				1117BD9D2601593D00F41E52 /* NewTaskItemView.swift */,
				1117BDA226017F5E00F41E52 /* BlankView.swift */,
				11F1D7C82603E4E500258DA6 /* ListRowItemView.swift */,
			);
			path = View;
			sourceTree = "<group>";
		};
		1117BD4D25FEDEB000F41E52 /* Extension */ = {
			isa = PBXGroup;
			children = (
				1117BD80260032DD00F41E52 /* HideKeyboardExtension.swift */,
			);
			path = Extension;
			sourceTree = "<group>";
		};
		1117BD4E25FEDEB500F41E52 /* Utility */ = {
			isa = PBXGroup;
			children = (
				1117BD7125FF010000F41E52 /* Constant.swift */,
			);
			path = Utility;
			sourceTree = "<group>";
		};
		1117BD4F25FEDEBB00F41E52 /* Style */ = {
			isa = PBXGroup;
			children = (
				11F1D7CD2604391500258DA6 /* CheckboxStyle.swift */,
			);
			path = Style;
			sourceTree = "<group>";
		};
		1117BD5025FEDEE300F41E52 /* Model */ = {
			isa = PBXGroup;
			children = (
				1117BD1A25FD220E00F41E52 /* Daily_task_widget_ios.xcdatamodeld */,
				1117BD1825FD220E00F41E52 /* Persistence.swift */,
			);
			path = Model;
			sourceTree = "<group>";
		};
/* End PBXGroup section */

/* Begin PBXNativeTarget section */
		1117BD0B25FD220C00F41E52 /* Daily_task_widget_ios */ = {
			isa = PBXNativeTarget;
			buildConfigurationList = 1117BD3625FD220E00F41E52 /* Build configuration list for PBXNativeTarget "Daily_task_widget_ios" */;
			buildPhases = (
				1117BD0825FD220C00F41E52 /* Sources */,
				1117BD0925FD220C00F41E52 /* Frameworks */,
				1117BD0A25FD220C00F41E52 /* Resources */,
			);
			buildRules = (
			);
			dependencies = (
			);
			name = Daily_task_widget_ios;
			productName = Daily_task_widget_ios;
			productReference = 1117BD0C25FD220C00F41E52 /* Daily_task_widget_ios.app */;
			productType = "com.apple.product-type.application";
		};
		1117BD2125FD220E00F41E52 /* Daily_task_widget_iosTests */ = {
			isa = PBXNativeTarget;
			buildConfigurationList = 1117BD3925FD220E00F41E52 /* Build configuration list for PBXNativeTarget "Daily_task_widget_iosTests" */;
			buildPhases = (
				1117BD1E25FD220E00F41E52 /* Sources */,
				1117BD1F25FD220E00F41E52 /* Frameworks */,
				1117BD2025FD220E00F41E52 /* Resources */,
			);
			buildRules = (
			);
			dependencies = (
				1117BD2425FD220E00F41E52 /* PBXTargetDependency */,
			);
			name = Daily_task_widget_iosTests;
			productName = Daily_task_widget_iosTests;
			productReference = 1117BD2225FD220E00F41E52 /* Daily_task_widget_iosTests.xctest */;
			productType = "com.apple.product-type.bundle.unit-test";
		};
		1117BD2C25FD220E00F41E52 /* Daily_task_widget_iosUITests */ = {
			isa = PBXNativeTarget;
			buildConfigurationList = 1117BD3C25FD220E00F41E52 /* Build configuration list for PBXNativeTarget "Daily_task_widget_iosUITests" */;
			buildPhases = (
				1117BD2925FD220E00F41E52 /* Sources */,
				1117BD2A25FD220E00F41E52 /* Frameworks */,
				1117BD2B25FD220E00F41E52 /* Resources */,
			);
			buildRules = (
			);
			dependencies = (
				1117BD2F25FD220E00F41E52 /* PBXTargetDependency */,
			);
			name = Daily_task_widget_iosUITests;
			productName = Daily_task_widget_iosUITests;
			productReference = 1117BD2D25FD220E00F41E52 /* Daily_task_widget_iosUITests.xctest */;
			productType = "com.apple.product-type.bundle.ui-testing";
		};
/* End PBXNativeTarget section */

/* Begin PBXProject section */
		1117BD0425FD220C00F41E52 /* Project object */ = {
			isa = PBXProject;
			attributes = {
				LastSwiftUpdateCheck = 1240;
				LastUpgradeCheck = 1240;
				TargetAttributes = {
					1117BD0B25FD220C00F41E52 = {
						CreatedOnToolsVersion = 12.4;
					};
					1117BD2125FD220E00F41E52 = {
						CreatedOnToolsVersion = 12.4;
						TestTargetID = 1117BD0B25FD220C00F41E52;
					};
					1117BD2C25FD220E00F41E52 = {
						CreatedOnToolsVersion = 12.4;
						TestTargetID = 1117BD0B25FD220C00F41E52;
					};
				};
			};
			buildConfigurationList = 1117BD0725FD220C00F41E52 /* Build configuration list for PBXProject "Daily_task_widget_ios" */;
			compatibilityVersion = "Xcode 9.3";
			developmentRegion = en;
			hasScannedForEncodings = 0;
			knownRegions = (
				en,
				Base,
			);
			mainGroup = 1117BD0325FD220C00F41E52;
			productRefGroup = 1117BD0D25FD220C00F41E52 /* Products */;
			projectDirPath = "";
			projectRoot = "";
			targets = (
				1117BD0B25FD220C00F41E52 /* Daily_task_widget_ios */,
				1117BD2125FD220E00F41E52 /* Daily_task_widget_iosTests */,
				1117BD2C25FD220E00F41E52 /* Daily_task_widget_iosUITests */,
			);
		};
/* End PBXProject section */

/* Begin PBXResourcesBuildPhase section */
		1117BD0A25FD220C00F41E52 /* Resources */ = {
			isa = PBXResourcesBuildPhase;
			buildActionMask = 2147483647;
			files = (
				1117BD1725FD220E00F41E52 /* Preview Assets.xcassets in Resources */,
				1117BD4725FEDE8D00F41E52 /* sound-rise.mp3 in Resources */,
				1117BD1425FD220E00F41E52 /* Assets.xcassets in Resources */,
				1117BD4825FEDE8D00F41E52 /* sound-tap.mp3 in Resources */,
				1117BD4625FEDE8D00F41E52 /* sound-ding.mp3 in Resources */,
			);
			runOnlyForDeploymentPostprocessing = 0;
		};
		1117BD2025FD220E00F41E52 /* Resources */ = {
			isa = PBXResourcesBuildPhase;
			buildActionMask = 2147483647;
			files = (
			);
			runOnlyForDeploymentPostprocessing = 0;
		};
		1117BD2B25FD220E00F41E52 /* Resources */ = {
			isa = PBXResourcesBuildPhase;
			buildActionMask = 2147483647;
			files = (
			);
			runOnlyForDeploymentPostprocessing = 0;
		};
/* End PBXResourcesBuildPhase section */

/* Begin PBXSourcesBuildPhase section */
		1117BD0825FD220C00F41E52 /* Sources */ = {
			isa = PBXSourcesBuildPhase;
			buildActionMask = 2147483647;
			files = (
				1117BD7225FF010000F41E52 /* Constant.swift in Sources */,
				1117BD1C25FD220E00F41E52 /* Daily_task_widget_ios.xcdatamodeld in Sources */,
				1117BD1925FD220E00F41E52 /* Persistence.swift in Sources */,
				1117BD1225FD220C00F41E52 /* ContentView.swift in Sources */,
				1117BDA326017F5E00F41E52 /* BlankView.swift in Sources */,
				1117BD81260032DD00F41E52 /* HideKeyboardExtension.swift in Sources */,
				11F1D7C92603E4E500258DA6 /* ListRowItemView.swift in Sources */,
				1117BD992601530200F41E52 /* BackgroundImage.swift in Sources */,
				1117BD1025FD220C00F41E52 /* Daily_task_widget_iosApp.swift in Sources */,
				11F1D7CE2604391500258DA6 /* CheckboxStyle.swift in Sources */,
				1117BD9E2601593D00F41E52 /* NewTaskItemView.swift in Sources */,
			);
			runOnlyForDeploymentPostprocessing = 0;
		};
		1117BD1E25FD220E00F41E52 /* Sources */ = {
			isa = PBXSourcesBuildPhase;
			buildActionMask = 2147483647;
			files = (
				1117BD2725FD220E00F41E52 /* Daily_task_widget_iosTests.swift in Sources */,
			);
			runOnlyForDeploymentPostprocessing = 0;
		};
		1117BD2925FD220E00F41E52 /* Sources */ = {
			isa = PBXSourcesBuildPhase;
			buildActionMask = 2147483647;
			files = (
				1117BD3225FD220E00F41E52 /* Daily_task_widget_iosUITests.swift in Sources */,
			);
			runOnlyForDeploymentPostprocessing = 0;
		};
/* End PBXSourcesBuildPhase section */

/* Begin PBXTargetDependency section */
		1117BD2425FD220E00F41E52 /* PBXTargetDependency */ = {
			isa = PBXTargetDependency;
			target = 1117BD0B25FD220C00F41E52 /* Daily_task_widget_ios */;
			targetProxy = 1117BD2325FD220E00F41E52 /* PBXContainerItemProxy */;
		};
		1117BD2F25FD220E00F41E52 /* PBXTargetDependency */ = {
			isa = PBXTargetDependency;
			target = 1117BD0B25FD220C00F41E52 /* Daily_task_widget_ios */;
			targetProxy = 1117BD2E25FD220E00F41E52 /* PBXContainerItemProxy */;
		};
/* End PBXTargetDependency section */

/* Begin XCBuildConfiguration section */
		1117BD3425FD220E00F41E52 /* Debug */ = {
			isa = XCBuildConfiguration;
			buildSettings = {
				ALWAYS_SEARCH_USER_PATHS = NO;
				CLANG_ANALYZER_NONNULL = YES;
				CLANG_ANALYZER_NUMBER_OBJECT_CONVERSION = YES_AGGRESSIVE;
				CLANG_CXX_LANGUAGE_STANDARD = "gnu++14";
				CLANG_CXX_LIBRARY = "libc++";
				CLANG_ENABLE_MODULES = YES;
				CLANG_ENABLE_OBJC_ARC = YES;
				CLANG_ENABLE_OBJC_WEAK = YES;
				CLANG_WARN_BLOCK_CAPTURE_AUTORELEASING = YES;
				CLANG_WARN_BOOL_CONVERSION = YES;
				CLANG_WARN_COMMA = YES;
				CLANG_WARN_CONSTANT_CONVERSION = YES;
				CLANG_WARN_DEPRECATED_OBJC_IMPLEMENTATIONS = YES;
				CLANG_WARN_DIRECT_OBJC_ISA_USAGE = YES_ERROR;
				CLANG_WARN_DOCUMENTATION_COMMENTS = YES;
				CLANG_WARN_EMPTY_BODY = YES;
				CLANG_WARN_ENUM_CONVERSION = YES;
				CLANG_WARN_INFINITE_RECURSION = YES;
				CLANG_WARN_INT_CONVERSION = YES;
				CLANG_WARN_NON_LITERAL_NULL_CONVERSION = YES;
				CLANG_WARN_OBJC_IMPLICIT_RETAIN_SELF = YES;
				CLANG_WARN_OBJC_LITERAL_CONVERSION = YES;
				CLANG_WARN_OBJC_ROOT_CLASS = YES_ERROR;
				CLANG_WARN_QUOTED_INCLUDE_IN_FRAMEWORK_HEADER = YES;
				CLANG_WARN_RANGE_LOOP_ANALYSIS = YES;
				CLANG_WARN_STRICT_PROTOTYPES = YES;
				CLANG_WARN_SUSPICIOUS_MOVE = YES;
				CLANG_WARN_UNGUARDED_AVAILABILITY = YES_AGGRESSIVE;
				CLANG_WARN_UNREACHABLE_CODE = YES;
				CLANG_WARN__DUPLICATE_METHOD_MATCH = YES;
				COPY_PHASE_STRIP = NO;
				DEBUG_INFORMATION_FORMAT = dwarf;
				ENABLE_STRICT_OBJC_MSGSEND = YES;
				ENABLE_TESTABILITY = YES;
				GCC_C_LANGUAGE_STANDARD = gnu11;
				GCC_DYNAMIC_NO_PIC = NO;
				GCC_NO_COMMON_BLOCKS = YES;
				GCC_OPTIMIZATION_LEVEL = 0;
				GCC_PREPROCESSOR_DEFINITIONS = (
					"DEBUG=1",
					"$(inherited)",
				);
				GCC_WARN_64_TO_32_BIT_CONVERSION = YES;
				GCC_WARN_ABOUT_RETURN_TYPE = YES_ERROR;
				GCC_WARN_UNDECLARED_SELECTOR = YES;
				GCC_WARN_UNINITIALIZED_AUTOS = YES_AGGRESSIVE;
				GCC_WARN_UNUSED_FUNCTION = YES;
				GCC_WARN_UNUSED_VARIABLE = YES;
				IPHONEOS_DEPLOYMENT_TARGET = 14.4;
				MTL_ENABLE_DEBUG_INFO = INCLUDE_SOURCE;
				MTL_FAST_MATH = YES;
				ONLY_ACTIVE_ARCH = YES;
				SDKROOT = iphoneos;
				SWIFT_ACTIVE_COMPILATION_CONDITIONS = DEBUG;
				SWIFT_OPTIMIZATION_LEVEL = "-Onone";
			};
			name = Debug;
		};
		1117BD3525FD220E00F41E52 /* Release */ = {
			isa = XCBuildConfiguration;
			buildSettings = {
				ALWAYS_SEARCH_USER_PATHS = NO;
				CLANG_ANALYZER_NONNULL = YES;
				CLANG_ANALYZER_NUMBER_OBJECT_CONVERSION = YES_AGGRESSIVE;
				CLANG_CXX_LANGUAGE_STANDARD = "gnu++14";
				CLANG_CXX_LIBRARY = "libc++";
				CLANG_ENABLE_MODULES = YES;
				CLANG_ENABLE_OBJC_ARC = YES;
				CLANG_ENABLE_OBJC_WEAK = YES;
				CLANG_WARN_BLOCK_CAPTURE_AUTORELEASING = YES;
				CLANG_WARN_BOOL_CONVERSION = YES;
				CLANG_WARN_COMMA = YES;
				CLANG_WARN_CONSTANT_CONVERSION = YES;
				CLANG_WARN_DEPRECATED_OBJC_IMPLEMENTATIONS = YES;
				CLANG_WARN_DIRECT_OBJC_ISA_USAGE = YES_ERROR;
				CLANG_WARN_DOCUMENTATION_COMMENTS = YES;
				CLANG_WARN_EMPTY_BODY = YES;
				CLANG_WARN_ENUM_CONVERSION = YES;
				CLANG_WARN_INFINITE_RECURSION = YES;
				CLANG_WARN_INT_CONVERSION = YES;
				CLANG_WARN_NON_LITERAL_NULL_CONVERSION = YES;
				CLANG_WARN_OBJC_IMPLICIT_RETAIN_SELF = YES;
				CLANG_WARN_OBJC_LITERAL_CONVERSION = YES;
				CLANG_WARN_OBJC_ROOT_CLASS = YES_ERROR;
				CLANG_WARN_QUOTED_INCLUDE_IN_FRAMEWORK_HEADER = YES;
				CLANG_WARN_RANGE_LOOP_ANALYSIS = YES;
				CLANG_WARN_STRICT_PROTOTYPES = YES;
				CLANG_WARN_SUSPICIOUS_MOVE = YES;
				CLANG_WARN_UNGUARDED_AVAILABILITY = YES_AGGRESSIVE;
				CLANG_WARN_UNREACHABLE_CODE = YES;
				CLANG_WARN__DUPLICATE_METHOD_MATCH = YES;
				COPY_PHASE_STRIP = NO;
				DEBUG_INFORMATION_FORMAT = "dwarf-with-dsym";
				ENABLE_NS_ASSERTIONS = NO;
				ENABLE_STRICT_OBJC_MSGSEND = YES;
				GCC_C_LANGUAGE_STANDARD = gnu11;
				GCC_NO_COMMON_BLOCKS = YES;
				GCC_WARN_64_TO_32_BIT_CONVERSION = YES;
				GCC_WARN_ABOUT_RETURN_TYPE = YES_ERROR;
				GCC_WARN_UNDECLARED_SELECTOR = YES;
				GCC_WARN_UNINITIALIZED_AUTOS = YES_AGGRESSIVE;
				GCC_WARN_UNUSED_FUNCTION = YES;
				GCC_WARN_UNUSED_VARIABLE = YES;
				IPHONEOS_DEPLOYMENT_TARGET = 14.4;
				MTL_ENABLE_DEBUG_INFO = NO;
				MTL_FAST_MATH = YES;
				SDKROOT = iphoneos;
				SWIFT_COMPILATION_MODE = wholemodule;
				SWIFT_OPTIMIZATION_LEVEL = "-O";
				VALIDATE_PRODUCT = YES;
			};
			name = Release;
		};
		1117BD3725FD220E00F41E52 /* Debug */ = {
			isa = XCBuildConfiguration;
			buildSettings = {
				ASSETCATALOG_COMPILER_APPICON_NAME = AppIcon;
				ASSETCATALOG_COMPILER_GLOBAL_ACCENT_COLOR_NAME = AccentColor;
				CODE_SIGN_STYLE = Automatic;
				DEVELOPMENT_ASSET_PATHS = "\"Daily_task_widget_ios/Preview Content\"";
				DEVELOPMENT_TEAM = CSE9343A58;
				ENABLE_PREVIEWS = YES;
				INFOPLIST_FILE = Daily_task_widget_ios/Info.plist;
				IPHONEOS_DEPLOYMENT_TARGET = 14.0;
				LD_RUNPATH_SEARCH_PATHS = (
					"$(inherited)",
					"@executable_path/Frameworks",
				);
				PRODUCT_BUNDLE_IDENTIFIER = "frontyard.Daily-task-widget-ios";
				PRODUCT_NAME = "$(TARGET_NAME)";
				SWIFT_VERSION = 5.0;
				TARGETED_DEVICE_FAMILY = "1,2";
			};
			name = Debug;
		};
		1117BD3825FD220E00F41E52 /* Release */ = {
			isa = XCBuildConfiguration;
			buildSettings = {
				ASSETCATALOG_COMPILER_APPICON_NAME = AppIcon;
				ASSETCATALOG_COMPILER_GLOBAL_ACCENT_COLOR_NAME = AccentColor;
				CODE_SIGN_STYLE = Automatic;
				DEVELOPMENT_ASSET_PATHS = "\"Daily_task_widget_ios/Preview Content\"";
				DEVELOPMENT_TEAM = CSE9343A58;
				ENABLE_PREVIEWS = YES;
				INFOPLIST_FILE = Daily_task_widget_ios/Info.plist;
				IPHONEOS_DEPLOYMENT_TARGET = 14.0;
				LD_RUNPATH_SEARCH_PATHS = (
					"$(inherited)",
					"@executable_path/Frameworks",
				);
				PRODUCT_BUNDLE_IDENTIFIER = "frontyard.Daily-task-widget-ios";
				PRODUCT_NAME = "$(TARGET_NAME)";
				SWIFT_VERSION = 5.0;
				TARGETED_DEVICE_FAMILY = "1,2";
			};
			name = Release;
		};
		1117BD3A25FD220E00F41E52 /* Debug */ = {
			isa = XCBuildConfiguration;
			buildSettings = {
				ALWAYS_EMBED_SWIFT_STANDARD_LIBRARIES = YES;
				BUNDLE_LOADER = "$(TEST_HOST)";
				CODE_SIGN_STYLE = Automatic;
				DEVELOPMENT_TEAM = CSE9343A58;
				INFOPLIST_FILE = Daily_task_widget_iosTests/Info.plist;
				IPHONEOS_DEPLOYMENT_TARGET = 14.0;
				LD_RUNPATH_SEARCH_PATHS = (
					"$(inherited)",
					"@executable_path/Frameworks",
					"@loader_path/Frameworks",
				);
				PRODUCT_BUNDLE_IDENTIFIER = "frontyard.Daily-task-widget-iosTests";
				PRODUCT_NAME = "$(TARGET_NAME)";
				SWIFT_VERSION = 5.0;
				TARGETED_DEVICE_FAMILY = "1,2";
				TEST_HOST = "$(BUILT_PRODUCTS_DIR)/Daily_task_widget_ios.app/Daily_task_widget_ios";
			};
			name = Debug;
		};
		1117BD3B25FD220E00F41E52 /* Release */ = {
			isa = XCBuildConfiguration;
			buildSettings = {
				ALWAYS_EMBED_SWIFT_STANDARD_LIBRARIES = YES;
				BUNDLE_LOADER = "$(TEST_HOST)";
				CODE_SIGN_STYLE = Automatic;
				DEVELOPMENT_TEAM = CSE9343A58;
				INFOPLIST_FILE = Daily_task_widget_iosTests/Info.plist;
				IPHONEOS_DEPLOYMENT_TARGET = 14.0;
				LD_RUNPATH_SEARCH_PATHS = (
					"$(inherited)",
					"@executable_path/Frameworks",
					"@loader_path/Frameworks",
				);
				PRODUCT_BUNDLE_IDENTIFIER = "frontyard.Daily-task-widget-iosTests";
				PRODUCT_NAME = "$(TARGET_NAME)";
				SWIFT_VERSION = 5.0;
				TARGETED_DEVICE_FAMILY = "1,2";
				TEST_HOST = "$(BUILT_PRODUCTS_DIR)/Daily_task_widget_ios.app/Daily_task_widget_ios";
			};
			name = Release;
		};
		1117BD3D25FD220E00F41E52 /* Debug */ = {
			isa = XCBuildConfiguration;
			buildSettings = {
				ALWAYS_EMBED_SWIFT_STANDARD_LIBRARIES = YES;
				CODE_SIGN_STYLE = Automatic;
				DEVELOPMENT_TEAM = CSE9343A58;
				INFOPLIST_FILE = Daily_task_widget_iosUITests/Info.plist;
				LD_RUNPATH_SEARCH_PATHS = (
					"$(inherited)",
					"@executable_path/Frameworks",
					"@loader_path/Frameworks",
				);
				PRODUCT_BUNDLE_IDENTIFIER = "frontyard.Daily-task-widget-iosUITests";
				PRODUCT_NAME = "$(TARGET_NAME)";
				SWIFT_VERSION = 5.0;
				TARGETED_DEVICE_FAMILY = "1,2";
				TEST_TARGET_NAME = Daily_task_widget_ios;
			};
			name = Debug;
		};
		1117BD3E25FD220E00F41E52 /* Release */ = {
			isa = XCBuildConfiguration;
			buildSettings = {
				ALWAYS_EMBED_SWIFT_STANDARD_LIBRARIES = YES;
				CODE_SIGN_STYLE = Automatic;
				DEVELOPMENT_TEAM = CSE9343A58;
				INFOPLIST_FILE = Daily_task_widget_iosUITests/Info.plist;
				LD_RUNPATH_SEARCH_PATHS = (
					"$(inherited)",
					"@executable_path/Frameworks",
					"@loader_path/Frameworks",
				);
				PRODUCT_BUNDLE_IDENTIFIER = "frontyard.Daily-task-widget-iosUITests";
				PRODUCT_NAME = "$(TARGET_NAME)";
				SWIFT_VERSION = 5.0;
				TARGETED_DEVICE_FAMILY = "1,2";
				TEST_TARGET_NAME = Daily_task_widget_ios;
			};
			name = Release;
		};
/* End XCBuildConfiguration section */

/* Begin XCConfigurationList section */
		1117BD0725FD220C00F41E52 /* Build configuration list for PBXProject "Daily_task_widget_ios" */ = {
			isa = XCConfigurationList;
			buildConfigurations = (
				1117BD3425FD220E00F41E52 /* Debug */,
				1117BD3525FD220E00F41E52 /* Release */,
			);
			defaultConfigurationIsVisible = 0;
			defaultConfigurationName = Release;
		};
		1117BD3625FD220E00F41E52 /* Build configuration list for PBXNativeTarget "Daily_task_widget_ios" */ = {
			isa = XCConfigurationList;
			buildConfigurations = (
				1117BD3725FD220E00F41E52 /* Debug */,
				1117BD3825FD220E00F41E52 /* Release */,
			);
			defaultConfigurationIsVisible = 0;
			defaultConfigurationName = Release;
		};
		1117BD3925FD220E00F41E52 /* Build configuration list for PBXNativeTarget "Daily_task_widget_iosTests" */ = {
			isa = XCConfigurationList;
			buildConfigurations = (
				1117BD3A25FD220E00F41E52 /* Debug */,
				1117BD3B25FD220E00F41E52 /* Release */,
			);
			defaultConfigurationIsVisible = 0;
			defaultConfigurationName = Release;
		};
		1117BD3C25FD220E00F41E52 /* Build configuration list for PBXNativeTarget "Daily_task_widget_iosUITests" */ = {
			isa = XCConfigurationList;
			buildConfigurations = (
				1117BD3D25FD220E00F41E52 /* Debug */,
				1117BD3E25FD220E00F41E52 /* Release */,
			);
			defaultConfigurationIsVisible = 0;
			defaultConfigurationName = Release;
		};
/* End XCConfigurationList section */

/* Begin XCVersionGroup section */
		1117BD1A25FD220E00F41E52 /* Daily_task_widget_ios.xcdatamodeld */ = {
			isa = XCVersionGroup;
			children = (
				1117BD1B25FD220E00F41E52 /* Daily_task_widget_ios.xcdatamodel */,
			);
			currentVersion = 1117BD1B25FD220E00F41E52 /* Daily_task_widget_ios.xcdatamodel */;
			path = Daily_task_widget_ios.xcdatamodeld;
			sourceTree = "<group>";
			versionGroupType = wrapper.xcdatamodel;
		};
/* End XCVersionGroup section */
	};
	rootObject = 1117BD0425FD220C00F41E52 /* Project object */;
}
